// !$*UTF8*$!
{
	archiveVersion = 1;
	classes = {
	};
	objectVersion = 46;
	objects = {

/* Begin PBXBuildFile section */
		5507B0781907BE520023DF1F /* NSString+NVExtensions.m in Sources */ = {isa = PBXBuildFile; fileRef = 5507B0771907BE520023DF1F /* NSString+NVExtensions.m */; };
		551F7B6719064B32002E877A /* NVPinView.m in Sources */ = {isa = PBXBuildFile; fileRef = 551F7B6619064B32002E877A /* NVPinView.m */; };
		551FE152190121E30018F5F5 /* Foundation.framework in Frameworks */ = {isa = PBXBuildFile; fileRef = 551FE151190121E30018F5F5 /* Foundation.framework */; };
		551FE154190121E30018F5F5 /* CoreGraphics.framework in Frameworks */ = {isa = PBXBuildFile; fileRef = 551FE153190121E30018F5F5 /* CoreGraphics.framework */; };
		551FE156190121E30018F5F5 /* UIKit.framework in Frameworks */ = {isa = PBXBuildFile; fileRef = 551FE155190121E30018F5F5 /* UIKit.framework */; };
		551FE15C190121E30018F5F5 /* InfoPlist.strings in Resources */ = {isa = PBXBuildFile; fileRef = 551FE15A190121E30018F5F5 /* InfoPlist.strings */; };
		551FE15E190121E30018F5F5 /* main.m in Sources */ = {isa = PBXBuildFile; fileRef = 551FE15D190121E30018F5F5 /* main.m */; };
		551FE162190121E30018F5F5 /* NVAppDelegate.m in Sources */ = {isa = PBXBuildFile; fileRef = 551FE161190121E30018F5F5 /* NVAppDelegate.m */; };
		551FE164190121E30018F5F5 /* Images.xcassets in Resources */ = {isa = PBXBuildFile; fileRef = 551FE163190121E30018F5F5 /* Images.xcassets */; };
		551FE16B190121E30018F5F5 /* XCTest.framework in Frameworks */ = {isa = PBXBuildFile; fileRef = 551FE16A190121E30018F5F5 /* XCTest.framework */; };
		551FE16C190121E30018F5F5 /* Foundation.framework in Frameworks */ = {isa = PBXBuildFile; fileRef = 551FE151190121E30018F5F5 /* Foundation.framework */; };
		551FE16D190121E30018F5F5 /* UIKit.framework in Frameworks */ = {isa = PBXBuildFile; fileRef = 551FE155190121E30018F5F5 /* UIKit.framework */; };
		551FE175190121E30018F5F5 /* InfoPlist.strings in Resources */ = {isa = PBXBuildFile; fileRef = 551FE173190121E30018F5F5 /* InfoPlist.strings */; };
		551FE177190121E30018F5F5 /* NavigationTests.m in Sources */ = {isa = PBXBuildFile; fileRef = 551FE176190121E30018F5F5 /* NavigationTests.m */; };
		551FE187190123840018F5F5 /* UIWindow+TDExtensions.m in Sources */ = {isa = PBXBuildFile; fileRef = 551FE186190123840018F5F5 /* UIWindow+TDExtensions.m */; };
		551FE190190124160018F5F5 /* NVCompassViewController.m in Sources */ = {isa = PBXBuildFile; fileRef = 551FE18E190124160018F5F5 /* NVCompassViewController.m */; };
		551FE191190124160018F5F5 /* NVCompassViewController.xib in Resources */ = {isa = PBXBuildFile; fileRef = 551FE18F190124160018F5F5 /* NVCompassViewController.xib */; };
		551FE1941901242A0018F5F5 /* NVCompassView.m in Sources */ = {isa = PBXBuildFile; fileRef = 551FE1931901242A0018F5F5 /* NVCompassView.m */; };
		551FE198190124480018F5F5 /* NVLocationViewController.m in Sources */ = {isa = PBXBuildFile; fileRef = 551FE196190124480018F5F5 /* NVLocationViewController.m */; };
		551FE199190124480018F5F5 /* NVLocationViewController.xib in Resources */ = {isa = PBXBuildFile; fileRef = 551FE197190124480018F5F5 /* NVLocationViewController.xib */; };
		551FE19C1901245A0018F5F5 /* NVLocationView.m in Sources */ = {isa = PBXBuildFile; fileRef = 551FE19B1901245A0018F5F5 /* NVLocationView.m */; };
		551FE1A0190124700018F5F5 /* NVMapViewController.m in Sources */ = {isa = PBXBuildFile; fileRef = 551FE19E190124700018F5F5 /* NVMapViewController.m */; };
		551FE1A1190124700018F5F5 /* NVMapViewController.xib in Resources */ = {isa = PBXBuildFile; fileRef = 551FE19F190124700018F5F5 /* NVMapViewController.xib */; };
		551FE1A4190124840018F5F5 /* NVMapView.m in Sources */ = {isa = PBXBuildFile; fileRef = 551FE1A3190124840018F5F5 /* NVMapView.m */; };
		551FE2371901258C0018F5F5 /* IDPCoreDataManager.m in Sources */ = {isa = PBXBuildFile; fileRef = 551FE1AD1901258B0018F5F5 /* IDPCoreDataManager.m */; };
		551FE2381901258C0018F5F5 /* NSManagedObject+IDPExtensions.m in Sources */ = {isa = PBXBuildFile; fileRef = 551FE1AF1901258B0018F5F5 /* NSManagedObject+IDPExtensions.m */; };
		551FE2391901258C0018F5F5 /* NSManagedObjectContext+IDPExtensions.m in Sources */ = {isa = PBXBuildFile; fileRef = 551FE1B11901258B0018F5F5 /* NSManagedObjectContext+IDPExtensions.m */; };
		551FE23A1901258C0018F5F5 /* NSManagedObjectID+IDPExtensions.m in Sources */ = {isa = PBXBuildFile; fileRef = 551FE1B31901258C0018F5F5 /* NSManagedObjectID+IDPExtensions.m */; };
		551FE23B1901258C0018F5F5 /* CGGeometry+IDPExtensions.m in Sources */ = {isa = PBXBuildFile; fileRef = 551FE1B71901258C0018F5F5 /* CGGeometry+IDPExtensions.m */; };
		551FE23C1901258C0018F5F5 /* IDPMath.m in Sources */ = {isa = PBXBuildFile; fileRef = 551FE1BA1901258C0018F5F5 /* IDPMath.m */; };
		551FE23D1901258C0018F5F5 /* NSArray+IDPExtensions.m in Sources */ = {isa = PBXBuildFile; fileRef = 551FE1BE1901258C0018F5F5 /* NSArray+IDPExtensions.m */; };
		551FE23E1901258C0018F5F5 /* NSBundle+IDPExtensions.m in Sources */ = {isa = PBXBuildFile; fileRef = 551FE1C01901258C0018F5F5 /* NSBundle+IDPExtensions.m */; };
		551FE23F1901258C0018F5F5 /* NSDate+IDPExtensions.m in Sources */ = {isa = PBXBuildFile; fileRef = 551FE1C21901258C0018F5F5 /* NSDate+IDPExtensions.m */; };
		551FE2401901258C0018F5F5 /* NSDateComponents+IDPExtinsions.m in Sources */ = {isa = PBXBuildFile; fileRef = 551FE1C41901258C0018F5F5 /* NSDateComponents+IDPExtinsions.m */; };
		551FE2411901258C0018F5F5 /* NSFileManager+IDPExtensions.m in Sources */ = {isa = PBXBuildFile; fileRef = 551FE1C61901258C0018F5F5 /* NSFileManager+IDPExtensions.m */; };
		551FE2421901258C0018F5F5 /* NSObject+IDPExtensions.m in Sources */ = {isa = PBXBuildFile; fileRef = 551FE1C81901258C0018F5F5 /* NSObject+IDPExtensions.m */; };
		551FE2431901258C0018F5F5 /* NSString+IDPExtensions.m in Sources */ = {isa = PBXBuildFile; fileRef = 551FE1CA1901258C0018F5F5 /* NSString+IDPExtensions.m */; };
		551FE2441901258C0018F5F5 /* IDPBlock.m in Sources */ = {isa = PBXBuildFile; fileRef = 551FE1CF1901258C0018F5F5 /* IDPBlock.m */; };
		551FE2451901258C0018F5F5 /* IDPBufferArray.m in Sources */ = {isa = PBXBuildFile; fileRef = 551FE1D21901258C0018F5F5 /* IDPBufferArray.m */; };
		551FE2461901258C0018F5F5 /* IDPKeyPathObserver.m in Sources */ = {isa = PBXBuildFile; fileRef = 551FE1D61901258C0018F5F5 /* IDPKeyPathObserver.m */; };
		551FE2471901258C0018F5F5 /* IDPKVOContext.m in Sources */ = {isa = PBXBuildFile; fileRef = 551FE1D91901258C0018F5F5 /* IDPKVOContext.m */; };
		551FE2481901258C0018F5F5 /* IDPKVOMutableArray.m in Sources */ = {isa = PBXBuildFile; fileRef = 551FE1DB1901258C0018F5F5 /* IDPKVOMutableArray.m */; };
		551FE2491901258C0018F5F5 /* IDPMachTimer.m in Sources */ = {isa = PBXBuildFile; fileRef = 551FE1DE1901258C0018F5F5 /* IDPMachTimer.m */; };
		551FE24A1901258C0018F5F5 /* IDPModel.m in Sources */ = {isa = PBXBuildFile; fileRef = 551FE1E11901258C0018F5F5 /* IDPModel.m */; };
		551FE24B1901258C0018F5F5 /* IDPSingletonModel.m in Sources */ = {isa = PBXBuildFile; fileRef = 551FE1E51901258C0018F5F5 /* IDPSingletonModel.m */; };
		551FE24C1901258C0018F5F5 /* IDPMutableArray.m in Sources */ = {isa = PBXBuildFile; fileRef = 551FE1E81901258C0018F5F5 /* IDPMutableArray.m */; };
		551FE24D1901258C0018F5F5 /* IDPMutableDictionary.m in Sources */ = {isa = PBXBuildFile; fileRef = 551FE1EB1901258C0018F5F5 /* IDPMutableDictionary.m */; };
		551FE24E1901258C0018F5F5 /* IDPModelMixin.m in Sources */ = {isa = PBXBuildFile; fileRef = 551FE1EE1901258C0018F5F5 /* IDPModelMixin.m */; };
		551FE24F1901258C0018F5F5 /* IDPOCContext.m in Sources */ = {isa = PBXBuildFile; fileRef = 551FE1F01901258C0018F5F5 /* IDPOCContext.m */; };
		551FE2501901258C0018F5F5 /* IDPOCImplementation.m in Sources */ = {isa = PBXBuildFile; fileRef = 551FE1F21901258C0018F5F5 /* IDPOCImplementation.m */; };
		551FE2511901258C0018F5F5 /* IDPOCStack.m in Sources */ = {isa = PBXBuildFile; fileRef = 551FE1F41901258C0018F5F5 /* IDPOCStack.m */; };
		551FE2521901258C0018F5F5 /* NSObject+IDPOCExtensions.m in Sources */ = {isa = PBXBuildFile; fileRef = 551FE1F61901258C0018F5F5 /* NSObject+IDPOCExtensions.m */; };
		551FE2531901258C0018F5F5 /* NSObject+IDPOCExtensionsPrivate.m in Sources */ = {isa = PBXBuildFile; fileRef = 551FE1F81901258C0018F5F5 /* NSObject+IDPOCExtensionsPrivate.m */; };
		551FE2541901258C0018F5F5 /* IDPObservableObject.m in Sources */ = {isa = PBXBuildFile; fileRef = 551FE1FB1901258C0018F5F5 /* IDPObservableObject.m */; };
		551FE2551901258C0018F5F5 /* IDPReference.m in Sources */ = {isa = PBXBuildFile; fileRef = 551FE1FE1901258C0018F5F5 /* IDPReference.m */; };
		551FE2561901258C0018F5F5 /* IDPRetainingReference.m in Sources */ = {isa = PBXBuildFile; fileRef = 551FE2001901258C0018F5F5 /* IDPRetainingReference.m */; };
		551FE2571901258C0018F5F5 /* IDPWeakReference.m in Sources */ = {isa = PBXBuildFile; fileRef = 551FE2021901258C0018F5F5 /* IDPWeakReference.m */; };
		551FE2581901258C0018F5F5 /* IDPRetainingDictionary.m in Sources */ = {isa = PBXBuildFile; fileRef = 551FE2051901258C0018F5F5 /* IDPRetainingDictionary.m */; };
		551FE2591901258C0018F5F5 /* IDPStackArray.m in Sources */ = {isa = PBXBuildFile; fileRef = 551FE2081901258C0018F5F5 /* IDPStackArray.m */; };
		551FE25A1901258C0018F5F5 /* IDPURLConnection.m in Sources */ = {isa = PBXBuildFile; fileRef = 551FE20B1901258C0018F5F5 /* IDPURLConnection.m */; };
		551FE25B1901258C0018F5F5 /* IDPURLRequest.m in Sources */ = {isa = PBXBuildFile; fileRef = 551FE20E1901258C0018F5F5 /* IDPURLRequest.m */; };
		551FE25C1901258C0018F5F5 /* IDPWeakArray.m in Sources */ = {isa = PBXBuildFile; fileRef = 551FE2111901258C0018F5F5 /* IDPWeakArray.m */; };
		551FE25D1901258C0018F5F5 /* CALayer+RoundedCorners.m in Sources */ = {isa = PBXBuildFile; fileRef = 551FE2151901258C0018F5F5 /* CALayer+RoundedCorners.m */; };
		551FE25E1901258C0018F5F5 /* IDPNetworkReachability.m in Sources */ = {isa = PBXBuildFile; fileRef = 551FE21A1901258C0018F5F5 /* IDPNetworkReachability.m */; };
		551FE25F1901258C0018F5F5 /* IDPLoadingView.m in Sources */ = {isa = PBXBuildFile; fileRef = 551FE21F1901258C0018F5F5 /* IDPLoadingView.m */; };
		551FE2601901258C0018F5F5 /* IDPShareObject.m in Sources */ = {isa = PBXBuildFile; fileRef = 551FE2211901258C0018F5F5 /* IDPShareObject.m */; };
		551FE2611901258C0018F5F5 /* UIAlertView+IDPExtensions.m in Sources */ = {isa = PBXBuildFile; fileRef = 551FE2241901258C0018F5F5 /* UIAlertView+IDPExtensions.m */; };
		551FE2621901258C0018F5F5 /* UIColor+IDPExtensions.m in Sources */ = {isa = PBXBuildFile; fileRef = 551FE2261901258C0018F5F5 /* UIColor+IDPExtensions.m */; };
		551FE2631901258C0018F5F5 /* UIEvent+IDPExtensions.m in Sources */ = {isa = PBXBuildFile; fileRef = 551FE2281901258C0018F5F5 /* UIEvent+IDPExtensions.m */; };
		551FE2641901258C0018F5F5 /* UIImage+IDPExtensions.m in Sources */ = {isa = PBXBuildFile; fileRef = 551FE22A1901258C0018F5F5 /* UIImage+IDPExtensions.m */; };
		551FE2651901258C0018F5F5 /* UINib+IDPExtensions.m in Sources */ = {isa = PBXBuildFile; fileRef = 551FE22C1901258C0018F5F5 /* UINib+IDPExtensions.m */; };
		551FE2661901258C0018F5F5 /* UIStoryboard+IDPExtensions.m in Sources */ = {isa = PBXBuildFile; fileRef = 551FE22E1901258C0018F5F5 /* UIStoryboard+IDPExtensions.m */; };
		551FE2671901258C0018F5F5 /* UITableView+IDPCellLoading.m in Sources */ = {isa = PBXBuildFile; fileRef = 551FE2301901258C0018F5F5 /* UITableView+IDPCellLoading.m */; };
		551FE2681901258C0018F5F5 /* UIView+IDPExtensions.m in Sources */ = {isa = PBXBuildFile; fileRef = 551FE2321901258C0018F5F5 /* UIView+IDPExtensions.m */; };
		551FE2691901258C0018F5F5 /* UIViewController+IDPExtensions.m in Sources */ = {isa = PBXBuildFile; fileRef = 551FE2341901258C0018F5F5 /* UIViewController+IDPExtensions.m */; };
		551FE26A1901258C0018F5F5 /* UIViewController+IDPInitialization.m in Sources */ = {isa = PBXBuildFile; fileRef = 551FE2361901258C0018F5F5 /* UIViewController+IDPInitialization.m */; };
		554298701908F58A00394917 /* NVCompass.m in Sources */ = {isa = PBXBuildFile; fileRef = 5542986F1908F58A00394917 /* NVCompass.m */; };
		5576AC8119027EAD001EE5FC /* CoreLocation.framework in Frameworks */ = {isa = PBXBuildFile; fileRef = 5576AC8019027EAD001EE5FC /* CoreLocation.framework */; };
		5576AC83190283DE001EE5FC /* MapKit.framework in Frameworks */ = {isa = PBXBuildFile; fileRef = 5576AC82190283DE001EE5FC /* MapKit.framework */; };
		5576AC861902E8F3001EE5FC /* NVMapAnnotation.m in Sources */ = {isa = PBXBuildFile; fileRef = 5576AC851902E8F3001EE5FC /* NVMapAnnotation.m */; };
		5576AC8C1902F399001EE5FC /* MKMapView+NVExtensions.m in Sources */ = {isa = PBXBuildFile; fileRef = 5576AC8B1902F399001EE5FC /* MKMapView+NVExtensions.m */; };
/* End PBXBuildFile section */

/* Begin PBXContainerItemProxy section */
		551FE16E190121E30018F5F5 /* PBXContainerItemProxy */ = {
			isa = PBXContainerItemProxy;
			containerPortal = 551FE146190121E30018F5F5 /* Project object */;
			proxyType = 1;
			remoteGlobalIDString = 551FE14D190121E30018F5F5;
			remoteInfo = Navigation;
		};
/* End PBXContainerItemProxy section */

/* Begin PBXFileReference section */
		5507B0761907BE520023DF1F /* NSString+NVExtensions.h */ = {isa = PBXFileReference; fileEncoding = 4; lastKnownFileType = sourcecode.c.h; path = "NSString+NVExtensions.h"; sourceTree = "<group>"; };
		5507B0771907BE520023DF1F /* NSString+NVExtensions.m */ = {isa = PBXFileReference; fileEncoding = 4; lastKnownFileType = sourcecode.c.objc; path = "NSString+NVExtensions.m"; sourceTree = "<group>"; };
		551F7B6519064B32002E877A /* NVPinView.h */ = {isa = PBXFileReference; fileEncoding = 4; lastKnownFileType = sourcecode.c.h; path = NVPinView.h; sourceTree = "<group>"; };
		551F7B6619064B32002E877A /* NVPinView.m */ = {isa = PBXFileReference; fileEncoding = 4; lastKnownFileType = sourcecode.c.objc; path = NVPinView.m; sourceTree = "<group>"; };
		551FE14E190121E30018F5F5 /* Navigation.app */ = {isa = PBXFileReference; explicitFileType = wrapper.application; includeInIndex = 0; path = Navigation.app; sourceTree = BUILT_PRODUCTS_DIR; };
		551FE151190121E30018F5F5 /* Foundation.framework */ = {isa = PBXFileReference; lastKnownFileType = wrapper.framework; name = Foundation.framework; path = System/Library/Frameworks/Foundation.framework; sourceTree = SDKROOT; };
		551FE153190121E30018F5F5 /* CoreGraphics.framework */ = {isa = PBXFileReference; lastKnownFileType = wrapper.framework; name = CoreGraphics.framework; path = System/Library/Frameworks/CoreGraphics.framework; sourceTree = SDKROOT; };
		551FE155190121E30018F5F5 /* UIKit.framework */ = {isa = PBXFileReference; lastKnownFileType = wrapper.framework; name = UIKit.framework; path = System/Library/Frameworks/UIKit.framework; sourceTree = SDKROOT; };
		551FE159190121E30018F5F5 /* Navigation-Info.plist */ = {isa = PBXFileReference; lastKnownFileType = text.plist.xml; path = "Navigation-Info.plist"; sourceTree = "<group>"; };
		551FE15B190121E30018F5F5 /* en */ = {isa = PBXFileReference; lastKnownFileType = text.plist.strings; name = en; path = en.lproj/InfoPlist.strings; sourceTree = "<group>"; };
		551FE15D190121E30018F5F5 /* main.m */ = {isa = PBXFileReference; lastKnownFileType = sourcecode.c.objc; path = main.m; sourceTree = "<group>"; };
		551FE15F190121E30018F5F5 /* Navigation-Prefix.pch */ = {isa = PBXFileReference; lastKnownFileType = sourcecode.c.h; path = "Navigation-Prefix.pch"; sourceTree = "<group>"; };
		551FE160190121E30018F5F5 /* NVAppDelegate.h */ = {isa = PBXFileReference; lastKnownFileType = sourcecode.c.h; path = NVAppDelegate.h; sourceTree = "<group>"; };
		551FE161190121E30018F5F5 /* NVAppDelegate.m */ = {isa = PBXFileReference; lastKnownFileType = sourcecode.c.objc; path = NVAppDelegate.m; sourceTree = "<group>"; };
		551FE163190121E30018F5F5 /* Images.xcassets */ = {isa = PBXFileReference; lastKnownFileType = folder.assetcatalog; path = Images.xcassets; sourceTree = "<group>"; };
		551FE169190121E30018F5F5 /* NavigationTests.xctest */ = {isa = PBXFileReference; explicitFileType = wrapper.cfbundle; includeInIndex = 0; path = NavigationTests.xctest; sourceTree = BUILT_PRODUCTS_DIR; };
		551FE16A190121E30018F5F5 /* XCTest.framework */ = {isa = PBXFileReference; lastKnownFileType = wrapper.framework; name = XCTest.framework; path = Library/Frameworks/XCTest.framework; sourceTree = DEVELOPER_DIR; };
		551FE172190121E30018F5F5 /* NavigationTests-Info.plist */ = {isa = PBXFileReference; lastKnownFileType = text.plist.xml; path = "NavigationTests-Info.plist"; sourceTree = "<group>"; };
		551FE174190121E30018F5F5 /* en */ = {isa = PBXFileReference; lastKnownFileType = text.plist.strings; name = en; path = en.lproj/InfoPlist.strings; sourceTree = "<group>"; };
		551FE176190121E30018F5F5 /* NavigationTests.m */ = {isa = PBXFileReference; lastKnownFileType = sourcecode.c.objc; path = NavigationTests.m; sourceTree = "<group>"; };
		551FE185190123840018F5F5 /* UIWindow+TDExtensions.h */ = {isa = PBXFileReference; fileEncoding = 4; lastKnownFileType = sourcecode.c.h; path = "UIWindow+TDExtensions.h"; sourceTree = "<group>"; };
		551FE186190123840018F5F5 /* UIWindow+TDExtensions.m */ = {isa = PBXFileReference; fileEncoding = 4; lastKnownFileType = sourcecode.c.objc; path = "UIWindow+TDExtensions.m"; sourceTree = "<group>"; };
		551FE18D190124160018F5F5 /* NVCompassViewController.h */ = {isa = PBXFileReference; fileEncoding = 4; lastKnownFileType = sourcecode.c.h; path = NVCompassViewController.h; sourceTree = "<group>"; };
		551FE18E190124160018F5F5 /* NVCompassViewController.m */ = {isa = PBXFileReference; fileEncoding = 4; lastKnownFileType = sourcecode.c.objc; path = NVCompassViewController.m; sourceTree = "<group>"; };
		551FE18F190124160018F5F5 /* NVCompassViewController.xib */ = {isa = PBXFileReference; fileEncoding = 4; lastKnownFileType = file.xib; path = NVCompassViewController.xib; sourceTree = "<group>"; };
		551FE1921901242A0018F5F5 /* NVCompassView.h */ = {isa = PBXFileReference; fileEncoding = 4; lastKnownFileType = sourcecode.c.h; path = NVCompassView.h; sourceTree = "<group>"; };
		551FE1931901242A0018F5F5 /* NVCompassView.m */ = {isa = PBXFileReference; fileEncoding = 4; lastKnownFileType = sourcecode.c.objc; path = NVCompassView.m; sourceTree = "<group>"; };
		551FE195190124480018F5F5 /* NVLocationViewController.h */ = {isa = PBXFileReference; fileEncoding = 4; lastKnownFileType = sourcecode.c.h; path = NVLocationViewController.h; sourceTree = "<group>"; };
		551FE196190124480018F5F5 /* NVLocationViewController.m */ = {isa = PBXFileReference; fileEncoding = 4; lastKnownFileType = sourcecode.c.objc; path = NVLocationViewController.m; sourceTree = "<group>"; };
		551FE197190124480018F5F5 /* NVLocationViewController.xib */ = {isa = PBXFileReference; fileEncoding = 4; lastKnownFileType = file.xib; path = NVLocationViewController.xib; sourceTree = "<group>"; };
		551FE19A1901245A0018F5F5 /* NVLocationView.h */ = {isa = PBXFileReference; fileEncoding = 4; lastKnownFileType = sourcecode.c.h; path = NVLocationView.h; sourceTree = "<group>"; };
		551FE19B1901245A0018F5F5 /* NVLocationView.m */ = {isa = PBXFileReference; fileEncoding = 4; lastKnownFileType = sourcecode.c.objc; path = NVLocationView.m; sourceTree = "<group>"; };
		551FE19D190124700018F5F5 /* NVMapViewController.h */ = {isa = PBXFileReference; fileEncoding = 4; lastKnownFileType = sourcecode.c.h; path = NVMapViewController.h; sourceTree = "<group>"; };
		551FE19E190124700018F5F5 /* NVMapViewController.m */ = {isa = PBXFileReference; fileEncoding = 4; lastKnownFileType = sourcecode.c.objc; path = NVMapViewController.m; sourceTree = "<group>"; };
		551FE19F190124700018F5F5 /* NVMapViewController.xib */ = {isa = PBXFileReference; fileEncoding = 4; lastKnownFileType = file.xib; path = NVMapViewController.xib; sourceTree = "<group>"; };
		551FE1A2190124840018F5F5 /* NVMapView.h */ = {isa = PBXFileReference; fileEncoding = 4; lastKnownFileType = sourcecode.c.h; path = NVMapView.h; sourceTree = "<group>"; };
		551FE1A3190124840018F5F5 /* NVMapView.m */ = {isa = PBXFileReference; fileEncoding = 4; lastKnownFileType = sourcecode.c.objc; path = NVMapView.m; sourceTree = "<group>"; };
		551FE1A71901258B0018F5F5 /* IDPKit.h */ = {isa = PBXFileReference; fileEncoding = 4; lastKnownFileType = sourcecode.c.h; path = IDPKit.h; sourceTree = "<group>"; };
		551FE1AB1901258B0018F5F5 /* IDPActiveRecordKit.h */ = {isa = PBXFileReference; fileEncoding = 4; lastKnownFileType = sourcecode.c.h; path = IDPActiveRecordKit.h; sourceTree = "<group>"; };
		551FE1AC1901258B0018F5F5 /* IDPCoreDataManager.h */ = {isa = PBXFileReference; fileEncoding = 4; lastKnownFileType = sourcecode.c.h; path = IDPCoreDataManager.h; sourceTree = "<group>"; };
		551FE1AD1901258B0018F5F5 /* IDPCoreDataManager.m */ = {isa = PBXFileReference; fileEncoding = 4; lastKnownFileType = sourcecode.c.objc; path = IDPCoreDataManager.m; sourceTree = "<group>"; };
		551FE1AE1901258B0018F5F5 /* NSManagedObject+IDPExtensions.h */ = {isa = PBXFileReference; fileEncoding = 4; lastKnownFileType = sourcecode.c.h; path = "NSManagedObject+IDPExtensions.h"; sourceTree = "<group>"; };
		551FE1AF1901258B0018F5F5 /* NSManagedObject+IDPExtensions.m */ = {isa = PBXFileReference; fileEncoding = 4; lastKnownFileType = sourcecode.c.objc; path = "NSManagedObject+IDPExtensions.m"; sourceTree = "<group>"; };
		551FE1B01901258B0018F5F5 /* NSManagedObjectContext+IDPExtensions.h */ = {isa = PBXFileReference; fileEncoding = 4; lastKnownFileType = sourcecode.c.h; path = "NSManagedObjectContext+IDPExtensions.h"; sourceTree = "<group>"; };
		551FE1B11901258B0018F5F5 /* NSManagedObjectContext+IDPExtensions.m */ = {isa = PBXFileReference; fileEncoding = 4; lastKnownFileType = sourcecode.c.objc; path = "NSManagedObjectContext+IDPExtensions.m"; sourceTree = "<group>"; };
		551FE1B21901258C0018F5F5 /* NSManagedObjectID+IDPExtensions.h */ = {isa = PBXFileReference; fileEncoding = 4; lastKnownFileType = sourcecode.c.h; path = "NSManagedObjectID+IDPExtensions.h"; sourceTree = "<group>"; };
		551FE1B31901258C0018F5F5 /* NSManagedObjectID+IDPExtensions.m */ = {isa = PBXFileReference; fileEncoding = 4; lastKnownFileType = sourcecode.c.objc; path = "NSManagedObjectID+IDPExtensions.m"; sourceTree = "<group>"; };
		551FE1B61901258C0018F5F5 /* CGGeometry+IDPExtensions.h */ = {isa = PBXFileReference; fileEncoding = 4; lastKnownFileType = sourcecode.c.h; path = "CGGeometry+IDPExtensions.h"; sourceTree = "<group>"; };
		551FE1B71901258C0018F5F5 /* CGGeometry+IDPExtensions.m */ = {isa = PBXFileReference; fileEncoding = 4; lastKnownFileType = sourcecode.c.objc; path = "CGGeometry+IDPExtensions.m"; sourceTree = "<group>"; };
		551FE1B81901258C0018F5F5 /* IDPCommonKit.h */ = {isa = PBXFileReference; fileEncoding = 4; lastKnownFileType = sourcecode.c.h; path = IDPCommonKit.h; sourceTree = "<group>"; };
		551FE1B91901258C0018F5F5 /* IDPMath.h */ = {isa = PBXFileReference; fileEncoding = 4; lastKnownFileType = sourcecode.c.h; path = IDPMath.h; sourceTree = "<group>"; };
		551FE1BA1901258C0018F5F5 /* IDPMath.m */ = {isa = PBXFileReference; fileEncoding = 4; lastKnownFileType = sourcecode.c.objc; path = IDPMath.m; sourceTree = "<group>"; };
		551FE1BB1901258C0018F5F5 /* IDPPropertyMacros.h */ = {isa = PBXFileReference; fileEncoding = 4; lastKnownFileType = sourcecode.c.h; path = IDPPropertyMacros.h; sourceTree = "<group>"; };
		551FE1BC1901258C0018F5F5 /* IDPSerialization.h */ = {isa = PBXFileReference; fileEncoding = 4; lastKnownFileType = sourcecode.c.h; path = IDPSerialization.h; sourceTree = "<group>"; };
		551FE1BD1901258C0018F5F5 /* NSArray+IDPExtensions.h */ = {isa = PBXFileReference; fileEncoding = 4; lastKnownFileType = sourcecode.c.h; path = "NSArray+IDPExtensions.h"; sourceTree = "<group>"; };
		551FE1BE1901258C0018F5F5 /* NSArray+IDPExtensions.m */ = {isa = PBXFileReference; fileEncoding = 4; lastKnownFileType = sourcecode.c.objc; path = "NSArray+IDPExtensions.m"; sourceTree = "<group>"; };
		551FE1BF1901258C0018F5F5 /* NSBundle+IDPExtensions.h */ = {isa = PBXFileReference; fileEncoding = 4; lastKnownFileType = sourcecode.c.h; path = "NSBundle+IDPExtensions.h"; sourceTree = "<group>"; };
		551FE1C01901258C0018F5F5 /* NSBundle+IDPExtensions.m */ = {isa = PBXFileReference; fileEncoding = 4; lastKnownFileType = sourcecode.c.objc; path = "NSBundle+IDPExtensions.m"; sourceTree = "<group>"; };
		551FE1C11901258C0018F5F5 /* NSDate+IDPExtensions.h */ = {isa = PBXFileReference; fileEncoding = 4; lastKnownFileType = sourcecode.c.h; path = "NSDate+IDPExtensions.h"; sourceTree = "<group>"; };
		551FE1C21901258C0018F5F5 /* NSDate+IDPExtensions.m */ = {isa = PBXFileReference; fileEncoding = 4; lastKnownFileType = sourcecode.c.objc; path = "NSDate+IDPExtensions.m"; sourceTree = "<group>"; };
		551FE1C31901258C0018F5F5 /* NSDateComponents+IDPExtinsions.h */ = {isa = PBXFileReference; fileEncoding = 4; lastKnownFileType = sourcecode.c.h; path = "NSDateComponents+IDPExtinsions.h"; sourceTree = "<group>"; };
		551FE1C41901258C0018F5F5 /* NSDateComponents+IDPExtinsions.m */ = {isa = PBXFileReference; fileEncoding = 4; lastKnownFileType = sourcecode.c.objc; path = "NSDateComponents+IDPExtinsions.m"; sourceTree = "<group>"; };
		551FE1C51901258C0018F5F5 /* NSFileManager+IDPExtensions.h */ = {isa = PBXFileReference; fileEncoding = 4; lastKnownFileType = sourcecode.c.h; path = "NSFileManager+IDPExtensions.h"; sourceTree = "<group>"; };
		551FE1C61901258C0018F5F5 /* NSFileManager+IDPExtensions.m */ = {isa = PBXFileReference; fileEncoding = 4; lastKnownFileType = sourcecode.c.objc; path = "NSFileManager+IDPExtensions.m"; sourceTree = "<group>"; };
		551FE1C71901258C0018F5F5 /* NSObject+IDPExtensions.h */ = {isa = PBXFileReference; fileEncoding = 4; lastKnownFileType = sourcecode.c.h; path = "NSObject+IDPExtensions.h"; sourceTree = "<group>"; };
		551FE1C81901258C0018F5F5 /* NSObject+IDPExtensions.m */ = {isa = PBXFileReference; fileEncoding = 4; lastKnownFileType = sourcecode.c.objc; path = "NSObject+IDPExtensions.m"; sourceTree = "<group>"; };
		551FE1C91901258C0018F5F5 /* NSString+IDPExtensions.h */ = {isa = PBXFileReference; fileEncoding = 4; lastKnownFileType = sourcecode.c.h; path = "NSString+IDPExtensions.h"; sourceTree = "<group>"; };
		551FE1CA1901258C0018F5F5 /* NSString+IDPExtensions.m */ = {isa = PBXFileReference; fileEncoding = 4; lastKnownFileType = sourcecode.c.objc; path = "NSString+IDPExtensions.m"; sourceTree = "<group>"; };
		551FE1CE1901258C0018F5F5 /* IDPBlock.h */ = {isa = PBXFileReference; fileEncoding = 4; lastKnownFileType = sourcecode.c.h; path = IDPBlock.h; sourceTree = "<group>"; };
		551FE1CF1901258C0018F5F5 /* IDPBlock.m */ = {isa = PBXFileReference; fileEncoding = 4; lastKnownFileType = sourcecode.c.objc; path = IDPBlock.m; sourceTree = "<group>"; };
		551FE1D11901258C0018F5F5 /* IDPBufferArray.h */ = {isa = PBXFileReference; fileEncoding = 4; lastKnownFileType = sourcecode.c.h; path = IDPBufferArray.h; sourceTree = "<group>"; };
		551FE1D21901258C0018F5F5 /* IDPBufferArray.m */ = {isa = PBXFileReference; fileEncoding = 4; lastKnownFileType = sourcecode.c.objc; path = IDPBufferArray.m; sourceTree = "<group>"; };
		551FE1D31901258C0018F5F5 /* IDPDataKit.h */ = {isa = PBXFileReference; fileEncoding = 4; lastKnownFileType = sourcecode.c.h; path = IDPDataKit.h; sourceTree = "<group>"; };
		551FE1D51901258C0018F5F5 /* IDPKeyPathObserver.h */ = {isa = PBXFileReference; fileEncoding = 4; lastKnownFileType = sourcecode.c.h; path = IDPKeyPathObserver.h; sourceTree = "<group>"; };
		551FE1D61901258C0018F5F5 /* IDPKeyPathObserver.m */ = {isa = PBXFileReference; fileEncoding = 4; lastKnownFileType = sourcecode.c.objc; path = IDPKeyPathObserver.m; sourceTree = "<group>"; };
		551FE1D81901258C0018F5F5 /* IDPKVOContext.h */ = {isa = PBXFileReference; fileEncoding = 4; lastKnownFileType = sourcecode.c.h; path = IDPKVOContext.h; sourceTree = "<group>"; };
		551FE1D91901258C0018F5F5 /* IDPKVOContext.m */ = {isa = PBXFileReference; fileEncoding = 4; lastKnownFileType = sourcecode.c.objc; path = IDPKVOContext.m; sourceTree = "<group>"; };
		551FE1DA1901258C0018F5F5 /* IDPKVOMutableArray.h */ = {isa = PBXFileReference; fileEncoding = 4; lastKnownFileType = sourcecode.c.h; path = IDPKVOMutableArray.h; sourceTree = "<group>"; };
		551FE1DB1901258C0018F5F5 /* IDPKVOMutableArray.m */ = {isa = PBXFileReference; fileEncoding = 4; lastKnownFileType = sourcecode.c.objc; path = IDPKVOMutableArray.m; sourceTree = "<group>"; };
		551FE1DD1901258C0018F5F5 /* IDPMachTimer.h */ = {isa = PBXFileReference; fileEncoding = 4; lastKnownFileType = sourcecode.c.h; path = IDPMachTimer.h; sourceTree = "<group>"; };
		551FE1DE1901258C0018F5F5 /* IDPMachTimer.m */ = {isa = PBXFileReference; fileEncoding = 4; lastKnownFileType = sourcecode.c.objc; path = IDPMachTimer.m; sourceTree = "<group>"; };
		551FE1E01901258C0018F5F5 /* IDPModel.h */ = {isa = PBXFileReference; fileEncoding = 4; lastKnownFileType = sourcecode.c.h; path = IDPModel.h; sourceTree = "<group>"; };
		551FE1E11901258C0018F5F5 /* IDPModel.m */ = {isa = PBXFileReference; fileEncoding = 4; lastKnownFileType = sourcecode.c.objc; path = IDPModel.m; sourceTree = "<group>"; };
		551FE1E21901258C0018F5F5 /* IDPModelObserver.h */ = {isa = PBXFileReference; fileEncoding = 4; lastKnownFileType = sourcecode.c.h; path = IDPModelObserver.h; sourceTree = "<group>"; };
		551FE1E31901258C0018F5F5 /* IDPModelProtocol.h */ = {isa = PBXFileReference; fileEncoding = 4; lastKnownFileType = sourcecode.c.h; path = IDPModelProtocol.h; sourceTree = "<group>"; };
		551FE1E41901258C0018F5F5 /* IDPSingletonModel.h */ = {isa = PBXFileReference; fileEncoding = 4; lastKnownFileType = sourcecode.c.h; path = IDPSingletonModel.h; sourceTree = "<group>"; };
		551FE1E51901258C0018F5F5 /* IDPSingletonModel.m */ = {isa = PBXFileReference; fileEncoding = 4; lastKnownFileType = sourcecode.c.objc; path = IDPSingletonModel.m; sourceTree = "<group>"; };
		551FE1E71901258C0018F5F5 /* IDPMutableArray.h */ = {isa = PBXFileReference; fileEncoding = 4; lastKnownFileType = sourcecode.c.h; path = IDPMutableArray.h; sourceTree = "<group>"; };
		551FE1E81901258C0018F5F5 /* IDPMutableArray.m */ = {isa = PBXFileReference; fileEncoding = 4; lastKnownFileType = sourcecode.c.objc; path = IDPMutableArray.m; sourceTree = "<group>"; };
		551FE1EA1901258C0018F5F5 /* IDPMutableDictionary.h */ = {isa = PBXFileReference; fileEncoding = 4; lastKnownFileType = sourcecode.c.h; path = IDPMutableDictionary.h; sourceTree = "<group>"; };
		551FE1EB1901258C0018F5F5 /* IDPMutableDictionary.m */ = {isa = PBXFileReference; fileEncoding = 4; lastKnownFileType = sourcecode.c.objc; path = IDPMutableDictionary.m; sourceTree = "<group>"; };
		551FE1ED1901258C0018F5F5 /* IDPModelMixin.h */ = {isa = PBXFileReference; fileEncoding = 4; lastKnownFileType = sourcecode.c.h; path = IDPModelMixin.h; sourceTree = "<group>"; };
		551FE1EE1901258C0018F5F5 /* IDPModelMixin.m */ = {isa = PBXFileReference; fileEncoding = 4; lastKnownFileType = sourcecode.c.objc; path = IDPModelMixin.m; sourceTree = "<group>"; };
		551FE1EF1901258C0018F5F5 /* IDPOCContext.h */ = {isa = PBXFileReference; fileEncoding = 4; lastKnownFileType = sourcecode.c.h; path = IDPOCContext.h; sourceTree = "<group>"; };
		551FE1F01901258C0018F5F5 /* IDPOCContext.m */ = {isa = PBXFileReference; fileEncoding = 4; lastKnownFileType = sourcecode.c.objc; path = IDPOCContext.m; sourceTree = "<group>"; };
		551FE1F11901258C0018F5F5 /* IDPOCImplementation.h */ = {isa = PBXFileReference; fileEncoding = 4; lastKnownFileType = sourcecode.c.h; path = IDPOCImplementation.h; sourceTree = "<group>"; };
		551FE1F21901258C0018F5F5 /* IDPOCImplementation.m */ = {isa = PBXFileReference; fileEncoding = 4; lastKnownFileType = sourcecode.c.objc; path = IDPOCImplementation.m; sourceTree = "<group>"; };
		551FE1F31901258C0018F5F5 /* IDPOCStack.h */ = {isa = PBXFileReference; fileEncoding = 4; lastKnownFileType = sourcecode.c.h; path = IDPOCStack.h; sourceTree = "<group>"; };
		551FE1F41901258C0018F5F5 /* IDPOCStack.m */ = {isa = PBXFileReference; fileEncoding = 4; lastKnownFileType = sourcecode.c.objc; path = IDPOCStack.m; sourceTree = "<group>"; };
		551FE1F51901258C0018F5F5 /* NSObject+IDPOCExtensions.h */ = {isa = PBXFileReference; fileEncoding = 4; lastKnownFileType = sourcecode.c.h; path = "NSObject+IDPOCExtensions.h"; sourceTree = "<group>"; };
		551FE1F61901258C0018F5F5 /* NSObject+IDPOCExtensions.m */ = {isa = PBXFileReference; fileEncoding = 4; lastKnownFileType = sourcecode.c.objc; path = "NSObject+IDPOCExtensions.m"; sourceTree = "<group>"; };
		551FE1F71901258C0018F5F5 /* NSObject+IDPOCExtensionsPrivate.h */ = {isa = PBXFileReference; fileEncoding = 4; lastKnownFileType = sourcecode.c.h; path = "NSObject+IDPOCExtensionsPrivate.h"; sourceTree = "<group>"; };
		551FE1F81901258C0018F5F5 /* NSObject+IDPOCExtensionsPrivate.m */ = {isa = PBXFileReference; fileEncoding = 4; lastKnownFileType = sourcecode.c.objc; path = "NSObject+IDPOCExtensionsPrivate.m"; sourceTree = "<group>"; };
		551FE1FA1901258C0018F5F5 /* IDPObservableObject.h */ = {isa = PBXFileReference; fileEncoding = 4; lastKnownFileType = sourcecode.c.h; path = IDPObservableObject.h; sourceTree = "<group>"; };
		551FE1FB1901258C0018F5F5 /* IDPObservableObject.m */ = {isa = PBXFileReference; fileEncoding = 4; lastKnownFileType = sourcecode.c.objc; path = IDPObservableObject.m; sourceTree = "<group>"; };
		551FE1FD1901258C0018F5F5 /* IDPReference.h */ = {isa = PBXFileReference; fileEncoding = 4; lastKnownFileType = sourcecode.c.h; path = IDPReference.h; sourceTree = "<group>"; };
		551FE1FE1901258C0018F5F5 /* IDPReference.m */ = {isa = PBXFileReference; fileEncoding = 4; lastKnownFileType = sourcecode.c.objc; path = IDPReference.m; sourceTree = "<group>"; };
		551FE1FF1901258C0018F5F5 /* IDPRetainingReference.h */ = {isa = PBXFileReference; fileEncoding = 4; lastKnownFileType = sourcecode.c.h; path = IDPRetainingReference.h; sourceTree = "<group>"; };
		551FE2001901258C0018F5F5 /* IDPRetainingReference.m */ = {isa = PBXFileReference; fileEncoding = 4; lastKnownFileType = sourcecode.c.objc; path = IDPRetainingReference.m; sourceTree = "<group>"; };
		551FE2011901258C0018F5F5 /* IDPWeakReference.h */ = {isa = PBXFileReference; fileEncoding = 4; lastKnownFileType = sourcecode.c.h; path = IDPWeakReference.h; sourceTree = "<group>"; };
		551FE2021901258C0018F5F5 /* IDPWeakReference.m */ = {isa = PBXFileReference; fileEncoding = 4; lastKnownFileType = sourcecode.c.objc; path = IDPWeakReference.m; sourceTree = "<group>"; };
		551FE2041901258C0018F5F5 /* IDPRetainingDictionary.h */ = {isa = PBXFileReference; fileEncoding = 4; lastKnownFileType = sourcecode.c.h; path = IDPRetainingDictionary.h; sourceTree = "<group>"; };
		551FE2051901258C0018F5F5 /* IDPRetainingDictionary.m */ = {isa = PBXFileReference; fileEncoding = 4; lastKnownFileType = sourcecode.c.objc; path = IDPRetainingDictionary.m; sourceTree = "<group>"; };
		551FE2071901258C0018F5F5 /* IDPStackArray.h */ = {isa = PBXFileReference; fileEncoding = 4; lastKnownFileType = sourcecode.c.h; path = IDPStackArray.h; sourceTree = "<group>"; };
		551FE2081901258C0018F5F5 /* IDPStackArray.m */ = {isa = PBXFileReference; fileEncoding = 4; lastKnownFileType = sourcecode.c.objc; path = IDPStackArray.m; sourceTree = "<group>"; };
		551FE20A1901258C0018F5F5 /* IDPURLConnection.h */ = {isa = PBXFileReference; fileEncoding = 4; lastKnownFileType = sourcecode.c.h; path = IDPURLConnection.h; sourceTree = "<group>"; };
		551FE20B1901258C0018F5F5 /* IDPURLConnection.m */ = {isa = PBXFileReference; fileEncoding = 4; lastKnownFileType = sourcecode.c.objc; path = IDPURLConnection.m; sourceTree = "<group>"; };
		551FE20D1901258C0018F5F5 /* IDPURLRequest.h */ = {isa = PBXFileReference; fileEncoding = 4; lastKnownFileType = sourcecode.c.h; path = IDPURLRequest.h; sourceTree = "<group>"; };
		551FE20E1901258C0018F5F5 /* IDPURLRequest.m */ = {isa = PBXFileReference; fileEncoding = 4; lastKnownFileType = sourcecode.c.objc; path = IDPURLRequest.m; sourceTree = "<group>"; };
		551FE2101901258C0018F5F5 /* IDPWeakArray.h */ = {isa = PBXFileReference; fileEncoding = 4; lastKnownFileType = sourcecode.c.h; path = IDPWeakArray.h; sourceTree = "<group>"; };
		551FE2111901258C0018F5F5 /* IDPWeakArray.m */ = {isa = PBXFileReference; fileEncoding = 4; lastKnownFileType = sourcecode.c.objc; path = IDPWeakArray.m; sourceTree = "<group>"; };
		551FE2141901258C0018F5F5 /* CALayer+RoundedCorners.h */ = {isa = PBXFileReference; fileEncoding = 4; lastKnownFileType = sourcecode.c.h; path = "CALayer+RoundedCorners.h"; sourceTree = "<group>"; };
		551FE2151901258C0018F5F5 /* CALayer+RoundedCorners.m */ = {isa = PBXFileReference; fileEncoding = 4; lastKnownFileType = sourcecode.c.objc; path = "CALayer+RoundedCorners.m"; sourceTree = "<group>"; };
		551FE2161901258C0018F5F5 /* IDPQuartzCoreKit.h */ = {isa = PBXFileReference; fileEncoding = 4; lastKnownFileType = sourcecode.c.h; path = IDPQuartzCoreKit.h; sourceTree = "<group>"; };
		551FE2191901258C0018F5F5 /* IDPNetworkReachability.h */ = {isa = PBXFileReference; fileEncoding = 4; lastKnownFileType = sourcecode.c.h; path = IDPNetworkReachability.h; sourceTree = "<group>"; };
		551FE21A1901258C0018F5F5 /* IDPNetworkReachability.m */ = {isa = PBXFileReference; fileEncoding = 4; lastKnownFileType = sourcecode.c.objc; path = IDPNetworkReachability.m; sourceTree = "<group>"; };
		551FE21B1901258C0018F5F5 /* IDPSystemConfigKit.h */ = {isa = PBXFileReference; fileEncoding = 4; lastKnownFileType = sourcecode.c.h; path = IDPSystemConfigKit.h; sourceTree = "<group>"; };
		551FE21E1901258C0018F5F5 /* IDPLoadingView.h */ = {isa = PBXFileReference; fileEncoding = 4; lastKnownFileType = sourcecode.c.h; path = IDPLoadingView.h; sourceTree = "<group>"; };
		551FE21F1901258C0018F5F5 /* IDPLoadingView.m */ = {isa = PBXFileReference; fileEncoding = 4; lastKnownFileType = sourcecode.c.objc; path = IDPLoadingView.m; sourceTree = "<group>"; };
		551FE2201901258C0018F5F5 /* IDPShareObject.h */ = {isa = PBXFileReference; fileEncoding = 4; lastKnownFileType = sourcecode.c.h; path = IDPShareObject.h; sourceTree = "<group>"; };
		551FE2211901258C0018F5F5 /* IDPShareObject.m */ = {isa = PBXFileReference; fileEncoding = 4; lastKnownFileType = sourcecode.c.objc; path = IDPShareObject.m; sourceTree = "<group>"; };
		551FE2221901258C0018F5F5 /* IDPUIKit.h */ = {isa = PBXFileReference; fileEncoding = 4; lastKnownFileType = sourcecode.c.h; path = IDPUIKit.h; sourceTree = "<group>"; };
		551FE2231901258C0018F5F5 /* UIAlertView+IDPExtensions.h */ = {isa = PBXFileReference; fileEncoding = 4; lastKnownFileType = sourcecode.c.h; path = "UIAlertView+IDPExtensions.h"; sourceTree = "<group>"; };
		551FE2241901258C0018F5F5 /* UIAlertView+IDPExtensions.m */ = {isa = PBXFileReference; fileEncoding = 4; lastKnownFileType = sourcecode.c.objc; path = "UIAlertView+IDPExtensions.m"; sourceTree = "<group>"; };
		551FE2251901258C0018F5F5 /* UIColor+IDPExtensions.h */ = {isa = PBXFileReference; fileEncoding = 4; lastKnownFileType = sourcecode.c.h; path = "UIColor+IDPExtensions.h"; sourceTree = "<group>"; };
		551FE2261901258C0018F5F5 /* UIColor+IDPExtensions.m */ = {isa = PBXFileReference; fileEncoding = 4; lastKnownFileType = sourcecode.c.objc; path = "UIColor+IDPExtensions.m"; sourceTree = "<group>"; };
		551FE2271901258C0018F5F5 /* UIEvent+IDPExtensions.h */ = {isa = PBXFileReference; fileEncoding = 4; lastKnownFileType = sourcecode.c.h; path = "UIEvent+IDPExtensions.h"; sourceTree = "<group>"; };
		551FE2281901258C0018F5F5 /* UIEvent+IDPExtensions.m */ = {isa = PBXFileReference; fileEncoding = 4; lastKnownFileType = sourcecode.c.objc; path = "UIEvent+IDPExtensions.m"; sourceTree = "<group>"; };
		551FE2291901258C0018F5F5 /* UIImage+IDPExtensions.h */ = {isa = PBXFileReference; fileEncoding = 4; lastKnownFileType = sourcecode.c.h; path = "UIImage+IDPExtensions.h"; sourceTree = "<group>"; };
		551FE22A1901258C0018F5F5 /* UIImage+IDPExtensions.m */ = {isa = PBXFileReference; fileEncoding = 4; lastKnownFileType = sourcecode.c.objc; path = "UIImage+IDPExtensions.m"; sourceTree = "<group>"; };
		551FE22B1901258C0018F5F5 /* UINib+IDPExtensions.h */ = {isa = PBXFileReference; fileEncoding = 4; lastKnownFileType = sourcecode.c.h; path = "UINib+IDPExtensions.h"; sourceTree = "<group>"; };
		551FE22C1901258C0018F5F5 /* UINib+IDPExtensions.m */ = {isa = PBXFileReference; fileEncoding = 4; lastKnownFileType = sourcecode.c.objc; path = "UINib+IDPExtensions.m"; sourceTree = "<group>"; };
		551FE22D1901258C0018F5F5 /* UIStoryboard+IDPExtensions.h */ = {isa = PBXFileReference; fileEncoding = 4; lastKnownFileType = sourcecode.c.h; path = "UIStoryboard+IDPExtensions.h"; sourceTree = "<group>"; };
		551FE22E1901258C0018F5F5 /* UIStoryboard+IDPExtensions.m */ = {isa = PBXFileReference; fileEncoding = 4; lastKnownFileType = sourcecode.c.objc; path = "UIStoryboard+IDPExtensions.m"; sourceTree = "<group>"; };
		551FE22F1901258C0018F5F5 /* UITableView+IDPCellLoading.h */ = {isa = PBXFileReference; fileEncoding = 4; lastKnownFileType = sourcecode.c.h; path = "UITableView+IDPCellLoading.h"; sourceTree = "<group>"; };
		551FE2301901258C0018F5F5 /* UITableView+IDPCellLoading.m */ = {isa = PBXFileReference; fileEncoding = 4; lastKnownFileType = sourcecode.c.objc; path = "UITableView+IDPCellLoading.m"; sourceTree = "<group>"; };
		551FE2311901258C0018F5F5 /* UIView+IDPExtensions.h */ = {isa = PBXFileReference; fileEncoding = 4; lastKnownFileType = sourcecode.c.h; path = "UIView+IDPExtensions.h"; sourceTree = "<group>"; };
		551FE2321901258C0018F5F5 /* UIView+IDPExtensions.m */ = {isa = PBXFileReference; fileEncoding = 4; lastKnownFileType = sourcecode.c.objc; path = "UIView+IDPExtensions.m"; sourceTree = "<group>"; };
		551FE2331901258C0018F5F5 /* UIViewController+IDPExtensions.h */ = {isa = PBXFileReference; fileEncoding = 4; lastKnownFileType = sourcecode.c.h; path = "UIViewController+IDPExtensions.h"; sourceTree = "<group>"; };
		551FE2341901258C0018F5F5 /* UIViewController+IDPExtensions.m */ = {isa = PBXFileReference; fileEncoding = 4; lastKnownFileType = sourcecode.c.objc; path = "UIViewController+IDPExtensions.m"; sourceTree = "<group>"; };
		551FE2351901258C0018F5F5 /* UIViewController+IDPInitialization.h */ = {isa = PBXFileReference; fileEncoding = 4; lastKnownFileType = sourcecode.c.h; path = "UIViewController+IDPInitialization.h"; sourceTree = "<group>"; };
		551FE2361901258C0018F5F5 /* UIViewController+IDPInitialization.m */ = {isa = PBXFileReference; fileEncoding = 4; lastKnownFileType = sourcecode.c.objc; path = "UIViewController+IDPInitialization.m"; sourceTree = "<group>"; };
		5542986E1908F58A00394917 /* NVCompass.h */ = {isa = PBXFileReference; fileEncoding = 4; lastKnownFileType = sourcecode.c.h; path = NVCompass.h; sourceTree = "<group>"; };
		5542986F1908F58A00394917 /* NVCompass.m */ = {isa = PBXFileReference; fileEncoding = 4; lastKnownFileType = sourcecode.c.objc; path = NVCompass.m; sourceTree = "<group>"; };
		5576AC8019027EAD001EE5FC /* CoreLocation.framework */ = {isa = PBXFileReference; lastKnownFileType = wrapper.framework; name = CoreLocation.framework; path = System/Library/Frameworks/CoreLocation.framework; sourceTree = SDKROOT; };
		5576AC82190283DE001EE5FC /* MapKit.framework */ = {isa = PBXFileReference; lastKnownFileType = wrapper.framework; name = MapKit.framework; path = System/Library/Frameworks/MapKit.framework; sourceTree = SDKROOT; };
		5576AC841902E8F3001EE5FC /* NVMapAnnotation.h */ = {isa = PBXFileReference; fileEncoding = 4; lastKnownFileType = sourcecode.c.h; path = NVMapAnnotation.h; sourceTree = "<group>"; };
		5576AC851902E8F3001EE5FC /* NVMapAnnotation.m */ = {isa = PBXFileReference; fileEncoding = 4; lastKnownFileType = sourcecode.c.objc; path = NVMapAnnotation.m; sourceTree = "<group>"; };
		5576AC8A1902F399001EE5FC /* MKMapView+NVExtensions.h */ = {isa = PBXFileReference; fileEncoding = 4; lastKnownFileType = sourcecode.c.h; path = "MKMapView+NVExtensions.h"; sourceTree = "<group>"; };
		5576AC8B1902F399001EE5FC /* MKMapView+NVExtensions.m */ = {isa = PBXFileReference; fileEncoding = 4; lastKnownFileType = sourcecode.c.objc; path = "MKMapView+NVExtensions.m"; sourceTree = "<group>"; };
/* End PBXFileReference section */

/* Begin PBXFrameworksBuildPhase section */
		551FE14B190121E30018F5F5 /* Frameworks */ = {
			isa = PBXFrameworksBuildPhase;
			buildActionMask = 2147483647;
			files = (
				5576AC83190283DE001EE5FC /* MapKit.framework in Frameworks */,
				5576AC8119027EAD001EE5FC /* CoreLocation.framework in Frameworks */,
				551FE154190121E30018F5F5 /* CoreGraphics.framework in Frameworks */,
				551FE156190121E30018F5F5 /* UIKit.framework in Frameworks */,
				551FE152190121E30018F5F5 /* Foundation.framework in Frameworks */,
			);
			runOnlyForDeploymentPostprocessing = 0;
		};
		551FE166190121E30018F5F5 /* Frameworks */ = {
			isa = PBXFrameworksBuildPhase;
			buildActionMask = 2147483647;
			files = (
				551FE16B190121E30018F5F5 /* XCTest.framework in Frameworks */,
				551FE16D190121E30018F5F5 /* UIKit.framework in Frameworks */,
				551FE16C190121E30018F5F5 /* Foundation.framework in Frameworks */,
			);
			runOnlyForDeploymentPostprocessing = 0;
		};
/* End PBXFrameworksBuildPhase section */

/* Begin PBXGroup section */
		551FE145190121E30018F5F5 = {
			isa = PBXGroup;
			children = (
				551FE157190121E30018F5F5 /* Navigation */,
				551FE170190121E30018F5F5 /* NavigationTests */,
				551FE150190121E30018F5F5 /* Frameworks */,
				551FE14F190121E30018F5F5 /* Products */,
			);
			sourceTree = "<group>";
		};
		551FE14F190121E30018F5F5 /* Products */ = {
			isa = PBXGroup;
			children = (
				551FE14E190121E30018F5F5 /* Navigation.app */,
				551FE169190121E30018F5F5 /* NavigationTests.xctest */,
			);
			name = Products;
			sourceTree = "<group>";
		};
		551FE150190121E30018F5F5 /* Frameworks */ = {
			isa = PBXGroup;
			children = (
				5576AC82190283DE001EE5FC /* MapKit.framework */,
				5576AC8019027EAD001EE5FC /* CoreLocation.framework */,
				551FE151190121E30018F5F5 /* Foundation.framework */,
				551FE153190121E30018F5F5 /* CoreGraphics.framework */,
				551FE155190121E30018F5F5 /* UIKit.framework */,
				551FE16A190121E30018F5F5 /* XCTest.framework */,
			);
			name = Frameworks;
			sourceTree = "<group>";
		};
		551FE157190121E30018F5F5 /* Navigation */ = {
			isa = PBXGroup;
			children = (
				551FE160190121E30018F5F5 /* NVAppDelegate.h */,
				551FE161190121E30018F5F5 /* NVAppDelegate.m */,
				551FE1A51901258B0018F5F5 /* IDPKit */,
				551FE181190122D70018F5F5 /* Controller */,
				551FE180190122A50018F5F5 /* Category */,
				551FE163190121E30018F5F5 /* Images.xcassets */,
				551FE158190121E30018F5F5 /* Supporting Files */,
			);
			path = Navigation;
			sourceTree = "<group>";
		};
		551FE158190121E30018F5F5 /* Supporting Files */ = {
			isa = PBXGroup;
			children = (
				551FE159190121E30018F5F5 /* Navigation-Info.plist */,
				551FE15A190121E30018F5F5 /* InfoPlist.strings */,
				551FE15D190121E30018F5F5 /* main.m */,
				551FE15F190121E30018F5F5 /* Navigation-Prefix.pch */,
			);
			name = "Supporting Files";
			sourceTree = "<group>";
		};
		551FE170190121E30018F5F5 /* NavigationTests */ = {
			isa = PBXGroup;
			children = (
				551FE176190121E30018F5F5 /* NavigationTests.m */,
				551FE171190121E30018F5F5 /* Supporting Files */,
			);
			path = NavigationTests;
			sourceTree = "<group>";
		};
		551FE171190121E30018F5F5 /* Supporting Files */ = {
			isa = PBXGroup;
			children = (
				551FE172190121E30018F5F5 /* NavigationTests-Info.plist */,
				551FE173190121E30018F5F5 /* InfoPlist.strings */,
			);
			name = "Supporting Files";
			sourceTree = "<group>";
		};
		551FE180190122A50018F5F5 /* Category */ = {
			isa = PBXGroup;
			children = (
				551FE185190123840018F5F5 /* UIWindow+TDExtensions.h */,
				551FE186190123840018F5F5 /* UIWindow+TDExtensions.m */,
				5576AC8A1902F399001EE5FC /* MKMapView+NVExtensions.h */,
				5576AC8B1902F399001EE5FC /* MKMapView+NVExtensions.m */,
				5507B0761907BE520023DF1F /* NSString+NVExtensions.h */,
				5507B0771907BE520023DF1F /* NSString+NVExtensions.m */,
			);
			path = Category;
			sourceTree = "<group>";
		};
		551FE181190122D70018F5F5 /* Controller */ = {
			isa = PBXGroup;
			children = (
				551FE1841901230C0018F5F5 /* MapViewController */,
				551FE183190122FF0018F5F5 /* LocationViewController */,
				551FE182190122EB0018F5F5 /* CompassViewController */,
			);
			path = Controller;
			sourceTree = "<group>";
		};
		551FE182190122EB0018F5F5 /* CompassViewController */ = {
			isa = PBXGroup;
			children = (
				551FE18D190124160018F5F5 /* NVCompassViewController.h */,
				551FE18E190124160018F5F5 /* NVCompassViewController.m */,
				551FE18F190124160018F5F5 /* NVCompassViewController.xib */,
				551FE1921901242A0018F5F5 /* NVCompassView.h */,
				551FE1931901242A0018F5F5 /* NVCompassView.m */,
				5542986E1908F58A00394917 /* NVCompass.h */,
				5542986F1908F58A00394917 /* NVCompass.m */,
			);
			path = CompassViewController;
			sourceTree = "<group>";
		};
		551FE183190122FF0018F5F5 /* LocationViewController */ = {
			isa = PBXGroup;
			children = (
				551FE195190124480018F5F5 /* NVLocationViewController.h */,
				551FE196190124480018F5F5 /* NVLocationViewController.m */,
				551FE197190124480018F5F5 /* NVLocationViewController.xib */,
				551FE19A1901245A0018F5F5 /* NVLocationView.h */,
				551FE19B1901245A0018F5F5 /* NVLocationView.m */,
			);
			path = LocationViewController;
			sourceTree = "<group>";
		};
		551FE1841901230C0018F5F5 /* MapViewController */ = {
			isa = PBXGroup;
			children = (
				551FE19D190124700018F5F5 /* NVMapViewController.h */,
				551FE19E190124700018F5F5 /* NVMapViewController.m */,
				551FE19F190124700018F5F5 /* NVMapViewController.xib */,
				551FE1A2190124840018F5F5 /* NVMapView.h */,
				551FE1A3190124840018F5F5 /* NVMapView.m */,
				5576AC841902E8F3001EE5FC /* NVMapAnnotation.h */,
				5576AC851902E8F3001EE5FC /* NVMapAnnotation.m */,
				551F7B6519064B32002E877A /* NVPinView.h */,
				551F7B6619064B32002E877A /* NVPinView.m */,
			);
			path = MapViewController;
			sourceTree = "<group>";
		};
		551FE1A51901258B0018F5F5 /* IDPKit */ = {
			isa = PBXGroup;
			children = (
				551FE1A61901258B0018F5F5 /* src */,
				551FE1A81901258B0018F5F5 /* submodules */,
			);
			path = IDPKit;
			sourceTree = "<group>";
		};
		551FE1A61901258B0018F5F5 /* src */ = {
			isa = PBXGroup;
			children = (
				551FE1A71901258B0018F5F5 /* IDPKit.h */,
			);
			path = src;
			sourceTree = "<group>";
		};
		551FE1A81901258B0018F5F5 /* submodules */ = {
			isa = PBXGroup;
			children = (
				551FE1A91901258B0018F5F5 /* ActiveRecordKit */,
				551FE1B41901258C0018F5F5 /* CommonKit */,
				551FE1CB1901258C0018F5F5 /* DataKit */,
				551FE2121901258C0018F5F5 /* QuartzCoreKit */,
				551FE2171901258C0018F5F5 /* SystemConfigKit */,
				551FE21C1901258C0018F5F5 /* UIKit */,
			);
			path = submodules;
			sourceTree = "<group>";
		};
		551FE1A91901258B0018F5F5 /* ActiveRecordKit */ = {
			isa = PBXGroup;
			children = (
				551FE1AA1901258B0018F5F5 /* src */,
			);
			path = ActiveRecordKit;
			sourceTree = "<group>";
		};
		551FE1AA1901258B0018F5F5 /* src */ = {
			isa = PBXGroup;
			children = (
				551FE1AB1901258B0018F5F5 /* IDPActiveRecordKit.h */,
				551FE1AC1901258B0018F5F5 /* IDPCoreDataManager.h */,
				551FE1AD1901258B0018F5F5 /* IDPCoreDataManager.m */,
				551FE1AE1901258B0018F5F5 /* NSManagedObject+IDPExtensions.h */,
				551FE1AF1901258B0018F5F5 /* NSManagedObject+IDPExtensions.m */,
				551FE1B01901258B0018F5F5 /* NSManagedObjectContext+IDPExtensions.h */,
				551FE1B11901258B0018F5F5 /* NSManagedObjectContext+IDPExtensions.m */,
				551FE1B21901258C0018F5F5 /* NSManagedObjectID+IDPExtensions.h */,
				551FE1B31901258C0018F5F5 /* NSManagedObjectID+IDPExtensions.m */,
			);
			path = src;
			sourceTree = "<group>";
		};
		551FE1B41901258C0018F5F5 /* CommonKit */ = {
			isa = PBXGroup;
			children = (
				551FE1B51901258C0018F5F5 /* src */,
			);
			path = CommonKit;
			sourceTree = "<group>";
		};
		551FE1B51901258C0018F5F5 /* src */ = {
			isa = PBXGroup;
			children = (
				551FE1B61901258C0018F5F5 /* CGGeometry+IDPExtensions.h */,
				551FE1B71901258C0018F5F5 /* CGGeometry+IDPExtensions.m */,
				551FE1B81901258C0018F5F5 /* IDPCommonKit.h */,
				551FE1B91901258C0018F5F5 /* IDPMath.h */,
				551FE1BA1901258C0018F5F5 /* IDPMath.m */,
				551FE1BB1901258C0018F5F5 /* IDPPropertyMacros.h */,
				551FE1BC1901258C0018F5F5 /* IDPSerialization.h */,
				551FE1BD1901258C0018F5F5 /* NSArray+IDPExtensions.h */,
				551FE1BE1901258C0018F5F5 /* NSArray+IDPExtensions.m */,
				551FE1BF1901258C0018F5F5 /* NSBundle+IDPExtensions.h */,
				551FE1C01901258C0018F5F5 /* NSBundle+IDPExtensions.m */,
				551FE1C11901258C0018F5F5 /* NSDate+IDPExtensions.h */,
				551FE1C21901258C0018F5F5 /* NSDate+IDPExtensions.m */,
				551FE1C31901258C0018F5F5 /* NSDateComponents+IDPExtinsions.h */,
				551FE1C41901258C0018F5F5 /* NSDateComponents+IDPExtinsions.m */,
				551FE1C51901258C0018F5F5 /* NSFileManager+IDPExtensions.h */,
				551FE1C61901258C0018F5F5 /* NSFileManager+IDPExtensions.m */,
				551FE1C71901258C0018F5F5 /* NSObject+IDPExtensions.h */,
				551FE1C81901258C0018F5F5 /* NSObject+IDPExtensions.m */,
				551FE1C91901258C0018F5F5 /* NSString+IDPExtensions.h */,
				551FE1CA1901258C0018F5F5 /* NSString+IDPExtensions.m */,
			);
			path = src;
			sourceTree = "<group>";
		};
		551FE1CB1901258C0018F5F5 /* DataKit */ = {
			isa = PBXGroup;
			children = (
				551FE1CC1901258C0018F5F5 /* src */,
			);
			path = DataKit;
			sourceTree = "<group>";
		};
		551FE1CC1901258C0018F5F5 /* src */ = {
			isa = PBXGroup;
			children = (
				551FE1CD1901258C0018F5F5 /* IDPBlock */,
				551FE1D01901258C0018F5F5 /* IDPBufferArray */,
				551FE1D31901258C0018F5F5 /* IDPDataKit.h */,
				551FE1D41901258C0018F5F5 /* IDPKeyPathObserver */,
				551FE1D71901258C0018F5F5 /* IDPKVOMutableArray */,
				551FE1DC1901258C0018F5F5 /* IDPMachTimer */,
				551FE1DF1901258C0018F5F5 /* IDPModels */,
				551FE1E61901258C0018F5F5 /* IDPMutableArray */,
				551FE1E91901258C0018F5F5 /* IDPMutableDictionary */,
				551FE1EC1901258C0018F5F5 /* IDPObjectCompositionContext */,
				551FE1F91901258C0018F5F5 /* IDPObservableObject */,
				551FE1FC1901258C0018F5F5 /* IDPReference */,
				551FE2031901258C0018F5F5 /* IDPRetainingDictionary */,
				551FE2061901258C0018F5F5 /* IDPStackArray */,
				551FE2091901258C0018F5F5 /* IDPURLConnection */,
				551FE20C1901258C0018F5F5 /* IDPURLRequest */,
				551FE20F1901258C0018F5F5 /* IDPWeakArray */,
			);
			path = src;
			sourceTree = "<group>";
		};
		551FE1CD1901258C0018F5F5 /* IDPBlock */ = {
			isa = PBXGroup;
			children = (
				551FE1CE1901258C0018F5F5 /* IDPBlock.h */,
				551FE1CF1901258C0018F5F5 /* IDPBlock.m */,
			);
			path = IDPBlock;
			sourceTree = "<group>";
		};
		551FE1D01901258C0018F5F5 /* IDPBufferArray */ = {
			isa = PBXGroup;
			children = (
				551FE1D11901258C0018F5F5 /* IDPBufferArray.h */,
				551FE1D21901258C0018F5F5 /* IDPBufferArray.m */,
			);
			path = IDPBufferArray;
			sourceTree = "<group>";
		};
		551FE1D41901258C0018F5F5 /* IDPKeyPathObserver */ = {
			isa = PBXGroup;
			children = (
				551FE1D51901258C0018F5F5 /* IDPKeyPathObserver.h */,
				551FE1D61901258C0018F5F5 /* IDPKeyPathObserver.m */,
			);
			path = IDPKeyPathObserver;
			sourceTree = "<group>";
		};
		551FE1D71901258C0018F5F5 /* IDPKVOMutableArray */ = {
			isa = PBXGroup;
			children = (
				551FE1D81901258C0018F5F5 /* IDPKVOContext.h */,
				551FE1D91901258C0018F5F5 /* IDPKVOContext.m */,
				551FE1DA1901258C0018F5F5 /* IDPKVOMutableArray.h */,
				551FE1DB1901258C0018F5F5 /* IDPKVOMutableArray.m */,
			);
			path = IDPKVOMutableArray;
			sourceTree = "<group>";
		};
		551FE1DC1901258C0018F5F5 /* IDPMachTimer */ = {
			isa = PBXGroup;
			children = (
				551FE1DD1901258C0018F5F5 /* IDPMachTimer.h */,
				551FE1DE1901258C0018F5F5 /* IDPMachTimer.m */,
			);
			path = IDPMachTimer;
			sourceTree = "<group>";
		};
		551FE1DF1901258C0018F5F5 /* IDPModels */ = {
			isa = PBXGroup;
			children = (
				551FE1E01901258C0018F5F5 /* IDPModel.h */,
				551FE1E11901258C0018F5F5 /* IDPModel.m */,
				551FE1E21901258C0018F5F5 /* IDPModelObserver.h */,
				551FE1E31901258C0018F5F5 /* IDPModelProtocol.h */,
				551FE1E41901258C0018F5F5 /* IDPSingletonModel.h */,
				551FE1E51901258C0018F5F5 /* IDPSingletonModel.m */,
			);
			path = IDPModels;
			sourceTree = "<group>";
		};
		551FE1E61901258C0018F5F5 /* IDPMutableArray */ = {
			isa = PBXGroup;
			children = (
				551FE1E71901258C0018F5F5 /* IDPMutableArray.h */,
				551FE1E81901258C0018F5F5 /* IDPMutableArray.m */,
			);
			path = IDPMutableArray;
			sourceTree = "<group>";
		};
		551FE1E91901258C0018F5F5 /* IDPMutableDictionary */ = {
			isa = PBXGroup;
			children = (
				551FE1EA1901258C0018F5F5 /* IDPMutableDictionary.h */,
				551FE1EB1901258C0018F5F5 /* IDPMutableDictionary.m */,
			);
			path = IDPMutableDictionary;
			sourceTree = "<group>";
		};
		551FE1EC1901258C0018F5F5 /* IDPObjectCompositionContext */ = {
			isa = PBXGroup;
			children = (
				551FE1ED1901258C0018F5F5 /* IDPModelMixin.h */,
				551FE1EE1901258C0018F5F5 /* IDPModelMixin.m */,
				551FE1EF1901258C0018F5F5 /* IDPOCContext.h */,
				551FE1F01901258C0018F5F5 /* IDPOCContext.m */,
				551FE1F11901258C0018F5F5 /* IDPOCImplementation.h */,
				551FE1F21901258C0018F5F5 /* IDPOCImplementation.m */,
				551FE1F31901258C0018F5F5 /* IDPOCStack.h */,
				551FE1F41901258C0018F5F5 /* IDPOCStack.m */,
				551FE1F51901258C0018F5F5 /* NSObject+IDPOCExtensions.h */,
				551FE1F61901258C0018F5F5 /* NSObject+IDPOCExtensions.m */,
				551FE1F71901258C0018F5F5 /* NSObject+IDPOCExtensionsPrivate.h */,
				551FE1F81901258C0018F5F5 /* NSObject+IDPOCExtensionsPrivate.m */,
			);
			path = IDPObjectCompositionContext;
			sourceTree = "<group>";
		};
		551FE1F91901258C0018F5F5 /* IDPObservableObject */ = {
			isa = PBXGroup;
			children = (
				551FE1FA1901258C0018F5F5 /* IDPObservableObject.h */,
				551FE1FB1901258C0018F5F5 /* IDPObservableObject.m */,
			);
			path = IDPObservableObject;
			sourceTree = "<group>";
		};
		551FE1FC1901258C0018F5F5 /* IDPReference */ = {
			isa = PBXGroup;
			children = (
				551FE1FD1901258C0018F5F5 /* IDPReference.h */,
				551FE1FE1901258C0018F5F5 /* IDPReference.m */,
				551FE1FF1901258C0018F5F5 /* IDPRetainingReference.h */,
				551FE2001901258C0018F5F5 /* IDPRetainingReference.m */,
				551FE2011901258C0018F5F5 /* IDPWeakReference.h */,
				551FE2021901258C0018F5F5 /* IDPWeakReference.m */,
			);
			path = IDPReference;
			sourceTree = "<group>";
		};
		551FE2031901258C0018F5F5 /* IDPRetainingDictionary */ = {
			isa = PBXGroup;
			children = (
				551FE2041901258C0018F5F5 /* IDPRetainingDictionary.h */,
				551FE2051901258C0018F5F5 /* IDPRetainingDictionary.m */,
			);
			path = IDPRetainingDictionary;
			sourceTree = "<group>";
		};
		551FE2061901258C0018F5F5 /* IDPStackArray */ = {
			isa = PBXGroup;
			children = (
				551FE2071901258C0018F5F5 /* IDPStackArray.h */,
				551FE2081901258C0018F5F5 /* IDPStackArray.m */,
			);
			path = IDPStackArray;
			sourceTree = "<group>";
		};
		551FE2091901258C0018F5F5 /* IDPURLConnection */ = {
			isa = PBXGroup;
			children = (
				551FE20A1901258C0018F5F5 /* IDPURLConnection.h */,
				551FE20B1901258C0018F5F5 /* IDPURLConnection.m */,
			);
			path = IDPURLConnection;
			sourceTree = "<group>";
		};
		551FE20C1901258C0018F5F5 /* IDPURLRequest */ = {
			isa = PBXGroup;
			children = (
				551FE20D1901258C0018F5F5 /* IDPURLRequest.h */,
				551FE20E1901258C0018F5F5 /* IDPURLRequest.m */,
			);
			path = IDPURLRequest;
			sourceTree = "<group>";
		};
		551FE20F1901258C0018F5F5 /* IDPWeakArray */ = {
			isa = PBXGroup;
			children = (
				551FE2101901258C0018F5F5 /* IDPWeakArray.h */,
				551FE2111901258C0018F5F5 /* IDPWeakArray.m */,
			);
			path = IDPWeakArray;
			sourceTree = "<group>";
		};
		551FE2121901258C0018F5F5 /* QuartzCoreKit */ = {
			isa = PBXGroup;
			children = (
				551FE2131901258C0018F5F5 /* src */,
			);
			path = QuartzCoreKit;
			sourceTree = "<group>";
		};
		551FE2131901258C0018F5F5 /* src */ = {
			isa = PBXGroup;
			children = (
				551FE2141901258C0018F5F5 /* CALayer+RoundedCorners.h */,
				551FE2151901258C0018F5F5 /* CALayer+RoundedCorners.m */,
				551FE2161901258C0018F5F5 /* IDPQuartzCoreKit.h */,
			);
			path = src;
			sourceTree = "<group>";
		};
		551FE2171901258C0018F5F5 /* SystemConfigKit */ = {
			isa = PBXGroup;
			children = (
				551FE2181901258C0018F5F5 /* src */,
			);
			path = SystemConfigKit;
			sourceTree = "<group>";
		};
		551FE2181901258C0018F5F5 /* src */ = {
			isa = PBXGroup;
			children = (
				551FE2191901258C0018F5F5 /* IDPNetworkReachability.h */,
				551FE21A1901258C0018F5F5 /* IDPNetworkReachability.m */,
				551FE21B1901258C0018F5F5 /* IDPSystemConfigKit.h */,
			);
			path = src;
			sourceTree = "<group>";
		};
		551FE21C1901258C0018F5F5 /* UIKit */ = {
			isa = PBXGroup;
			children = (
				551FE21D1901258C0018F5F5 /* src */,
			);
			path = UIKit;
			sourceTree = "<group>";
		};
		551FE21D1901258C0018F5F5 /* src */ = {
			isa = PBXGroup;
			children = (
				551FE21E1901258C0018F5F5 /* IDPLoadingView.h */,
				551FE21F1901258C0018F5F5 /* IDPLoadingView.m */,
				551FE2201901258C0018F5F5 /* IDPShareObject.h */,
				551FE2211901258C0018F5F5 /* IDPShareObject.m */,
				551FE2221901258C0018F5F5 /* IDPUIKit.h */,
				551FE2231901258C0018F5F5 /* UIAlertView+IDPExtensions.h */,
				551FE2241901258C0018F5F5 /* UIAlertView+IDPExtensions.m */,
				551FE2251901258C0018F5F5 /* UIColor+IDPExtensions.h */,
				551FE2261901258C0018F5F5 /* UIColor+IDPExtensions.m */,
				551FE2271901258C0018F5F5 /* UIEvent+IDPExtensions.h */,
				551FE2281901258C0018F5F5 /* UIEvent+IDPExtensions.m */,
				551FE2291901258C0018F5F5 /* UIImage+IDPExtensions.h */,
				551FE22A1901258C0018F5F5 /* UIImage+IDPExtensions.m */,
				551FE22B1901258C0018F5F5 /* UINib+IDPExtensions.h */,
				551FE22C1901258C0018F5F5 /* UINib+IDPExtensions.m */,
				551FE22D1901258C0018F5F5 /* UIStoryboard+IDPExtensions.h */,
				551FE22E1901258C0018F5F5 /* UIStoryboard+IDPExtensions.m */,
				551FE22F1901258C0018F5F5 /* UITableView+IDPCellLoading.h */,
				551FE2301901258C0018F5F5 /* UITableView+IDPCellLoading.m */,
				551FE2311901258C0018F5F5 /* UIView+IDPExtensions.h */,
				551FE2321901258C0018F5F5 /* UIView+IDPExtensions.m */,
				551FE2331901258C0018F5F5 /* UIViewController+IDPExtensions.h */,
				551FE2341901258C0018F5F5 /* UIViewController+IDPExtensions.m */,
				551FE2351901258C0018F5F5 /* UIViewController+IDPInitialization.h */,
				551FE2361901258C0018F5F5 /* UIViewController+IDPInitialization.m */,
			);
			path = src;
			sourceTree = "<group>";
		};
/* End PBXGroup section */

/* Begin PBXNativeTarget section */
		551FE14D190121E30018F5F5 /* Navigation */ = {
			isa = PBXNativeTarget;
			buildConfigurationList = 551FE17A190121E30018F5F5 /* Build configuration list for PBXNativeTarget "Navigation" */;
			buildPhases = (
				551FE14A190121E30018F5F5 /* Sources */,
				551FE14B190121E30018F5F5 /* Frameworks */,
				551FE14C190121E30018F5F5 /* Resources */,
			);
			buildRules = (
			);
			dependencies = (
			);
			name = Navigation;
			productName = Navigation;
			productReference = 551FE14E190121E30018F5F5 /* Navigation.app */;
			productType = "com.apple.product-type.application";
		};
		551FE168190121E30018F5F5 /* NavigationTests */ = {
			isa = PBXNativeTarget;
			buildConfigurationList = 551FE17D190121E30018F5F5 /* Build configuration list for PBXNativeTarget "NavigationTests" */;
			buildPhases = (
				551FE165190121E30018F5F5 /* Sources */,
				551FE166190121E30018F5F5 /* Frameworks */,
				551FE167190121E30018F5F5 /* Resources */,
			);
			buildRules = (
			);
			dependencies = (
				551FE16F190121E30018F5F5 /* PBXTargetDependency */,
			);
			name = NavigationTests;
			productName = NavigationTests;
			productReference = 551FE169190121E30018F5F5 /* NavigationTests.xctest */;
			productType = "com.apple.product-type.bundle.unit-test";
		};
/* End PBXNativeTarget section */

/* Begin PBXProject section */
		551FE146190121E30018F5F5 /* Project object */ = {
			isa = PBXProject;
			attributes = {
				CLASSPREFIX = NV;
				LastUpgradeCheck = 0510;
				ORGANIZATIONNAME = "Vitaliy Voronok";
				TargetAttributes = {
					551FE168190121E30018F5F5 = {
						TestTargetID = 551FE14D190121E30018F5F5;
					};
				};
			};
			buildConfigurationList = 551FE149190121E30018F5F5 /* Build configuration list for PBXProject "Navigation" */;
			compatibilityVersion = "Xcode 3.2";
			developmentRegion = English;
			hasScannedForEncodings = 0;
			knownRegions = (
				en,
			);
			mainGroup = 551FE145190121E30018F5F5;
			productRefGroup = 551FE14F190121E30018F5F5 /* Products */;
			projectDirPath = "";
			projectRoot = "";
			targets = (
				551FE14D190121E30018F5F5 /* Navigation */,
				551FE168190121E30018F5F5 /* NavigationTests */,
			);
		};
/* End PBXProject section */

/* Begin PBXResourcesBuildPhase section */
		551FE14C190121E30018F5F5 /* Resources */ = {
			isa = PBXResourcesBuildPhase;
			buildActionMask = 2147483647;
			files = (
				551FE15C190121E30018F5F5 /* InfoPlist.strings in Resources */,
				551FE1A1190124700018F5F5 /* NVMapViewController.xib in Resources */,
				551FE199190124480018F5F5 /* NVLocationViewController.xib in Resources */,
				551FE164190121E30018F5F5 /* Images.xcassets in Resources */,
				551FE191190124160018F5F5 /* NVCompassViewController.xib in Resources */,
			);
			runOnlyForDeploymentPostprocessing = 0;
		};
		551FE167190121E30018F5F5 /* Resources */ = {
			isa = PBXResourcesBuildPhase;
			buildActionMask = 2147483647;
			files = (
				551FE175190121E30018F5F5 /* InfoPlist.strings in Resources */,
			);
			runOnlyForDeploymentPostprocessing = 0;
		};
/* End PBXResourcesBuildPhase section */

/* Begin PBXSourcesBuildPhase section */
		551FE14A190121E30018F5F5 /* Sources */ = {
			isa = PBXSourcesBuildPhase;
			buildActionMask = 2147483647;
			files = (
				551FE2371901258C0018F5F5 /* IDPCoreDataManager.m in Sources */,
				551FE1941901242A0018F5F5 /* NVCompassView.m in Sources */,
				551FE2621901258C0018F5F5 /* UIColor+IDPExtensions.m in Sources */,
				551FE1A0190124700018F5F5 /* NVMapViewController.m in Sources */,
				551FE1A4190124840018F5F5 /* NVMapView.m in Sources */,
				551FE2401901258C0018F5F5 /* NSDateComponents+IDPExtinsions.m in Sources */,
				551FE2631901258C0018F5F5 /* UIEvent+IDPExtensions.m in Sources */,
				551FE19C1901245A0018F5F5 /* NVLocationView.m in Sources */,
				551FE23A1901258C0018F5F5 /* NSManagedObjectID+IDPExtensions.m in Sources */,
				551FE2531901258C0018F5F5 /* NSObject+IDPOCExtensionsPrivate.m in Sources */,
				551FE2541901258C0018F5F5 /* IDPObservableObject.m in Sources */,
				551FE25F1901258C0018F5F5 /* IDPLoadingView.m in Sources */,
				551F7B6719064B32002E877A /* NVPinView.m in Sources */,
				551FE2581901258C0018F5F5 /* IDPRetainingDictionary.m in Sources */,
				551FE2571901258C0018F5F5 /* IDPWeakReference.m in Sources */,
				551FE2381901258C0018F5F5 /* NSManagedObject+IDPExtensions.m in Sources */,
				551FE24A1901258C0018F5F5 /* IDPModel.m in Sources */,
				551FE162190121E30018F5F5 /* NVAppDelegate.m in Sources */,
				551FE2461901258C0018F5F5 /* IDPKeyPathObserver.m in Sources */,
				551FE2671901258C0018F5F5 /* UITableView+IDPCellLoading.m in Sources */,
				551FE25E1901258C0018F5F5 /* IDPNetworkReachability.m in Sources */,
				551FE2551901258C0018F5F5 /* IDPReference.m in Sources */,
				551FE2641901258C0018F5F5 /* UIImage+IDPExtensions.m in Sources */,
				551FE23F1901258C0018F5F5 /* NSDate+IDPExtensions.m in Sources */,
				551FE2611901258C0018F5F5 /* UIAlertView+IDPExtensions.m in Sources */,
				551FE190190124160018F5F5 /* NVCompassViewController.m in Sources */,
				551FE2521901258C0018F5F5 /* NSObject+IDPOCExtensions.m in Sources */,
				551FE26A1901258C0018F5F5 /* UIViewController+IDPInitialization.m in Sources */,
				5576AC861902E8F3001EE5FC /* NVMapAnnotation.m in Sources */,
				551FE2431901258C0018F5F5 /* NSString+IDPExtensions.m in Sources */,
				551FE25A1901258C0018F5F5 /* IDPURLConnection.m in Sources */,
				5507B0781907BE520023DF1F /* NSString+NVExtensions.m in Sources */,
				551FE2591901258C0018F5F5 /* IDPStackArray.m in Sources */,
				551FE2681901258C0018F5F5 /* UIView+IDPExtensions.m in Sources */,
				551FE25C1901258C0018F5F5 /* IDPWeakArray.m in Sources */,
				551FE24D1901258C0018F5F5 /* IDPMutableDictionary.m in Sources */,
				551FE15E190121E30018F5F5 /* main.m in Sources */,
				551FE2441901258C0018F5F5 /* IDPBlock.m in Sources */,
				551FE2411901258C0018F5F5 /* NSFileManager+IDPExtensions.m in Sources */,
				551FE23E1901258C0018F5F5 /* NSBundle+IDPExtensions.m in Sources */,
				551FE2691901258C0018F5F5 /* UIViewController+IDPExtensions.m in Sources */,
				551FE23D1901258C0018F5F5 /* NSArray+IDPExtensions.m in Sources */,
				551FE24B1901258C0018F5F5 /* IDPSingletonModel.m in Sources */,
				551FE2481901258C0018F5F5 /* IDPKVOMutableArray.m in Sources */,
				551FE2471901258C0018F5F5 /* IDPKVOContext.m in Sources */,
				551FE2561901258C0018F5F5 /* IDPRetainingReference.m in Sources */,
				554298701908F58A00394917 /* NVCompass.m in Sources */,
				5576AC8C1902F399001EE5FC /* MKMapView+NVExtensions.m in Sources */,
				551FE24F1901258C0018F5F5 /* IDPOCContext.m in Sources */,
				551FE2511901258C0018F5F5 /* IDPOCStack.m in Sources */,
				551FE2501901258C0018F5F5 /* IDPOCImplementation.m in Sources */,
				551FE2491901258C0018F5F5 /* IDPMachTimer.m in Sources */,
				551FE2451901258C0018F5F5 /* IDPBufferArray.m in Sources */,
				551FE187190123840018F5F5 /* UIWindow+TDExtensions.m in Sources */,
				551FE198190124480018F5F5 /* NVLocationViewController.m in Sources */,
				551FE2391901258C0018F5F5 /* NSManagedObjectContext+IDPExtensions.m in Sources */,
				551FE2651901258C0018F5F5 /* UINib+IDPExtensions.m in Sources */,
				551FE2601901258C0018F5F5 /* IDPShareObject.m in Sources */,
				551FE24E1901258C0018F5F5 /* IDPModelMixin.m in Sources */,
				551FE25B1901258C0018F5F5 /* IDPURLRequest.m in Sources */,
				551FE23C1901258C0018F5F5 /* IDPMath.m in Sources */,
				551FE25D1901258C0018F5F5 /* CALayer+RoundedCorners.m in Sources */,
				551FE23B1901258C0018F5F5 /* CGGeometry+IDPExtensions.m in Sources */,
				551FE24C1901258C0018F5F5 /* IDPMutableArray.m in Sources */,
				551FE2421901258C0018F5F5 /* NSObject+IDPExtensions.m in Sources */,
				551FE2661901258C0018F5F5 /* UIStoryboard+IDPExtensions.m in Sources */,
			);
			runOnlyForDeploymentPostprocessing = 0;
		};
		551FE165190121E30018F5F5 /* Sources */ = {
			isa = PBXSourcesBuildPhase;
			buildActionMask = 2147483647;
			files = (
				551FE177190121E30018F5F5 /* NavigationTests.m in Sources */,
			);
			runOnlyForDeploymentPostprocessing = 0;
		};
/* End PBXSourcesBuildPhase section */

/* Begin PBXTargetDependency section */
		551FE16F190121E30018F5F5 /* PBXTargetDependency */ = {
			isa = PBXTargetDependency;
			target = 551FE14D190121E30018F5F5 /* Navigation */;
			targetProxy = 551FE16E190121E30018F5F5 /* PBXContainerItemProxy */;
		};
/* End PBXTargetDependency section */

/* Begin PBXVariantGroup section */
		551FE15A190121E30018F5F5 /* InfoPlist.strings */ = {
			isa = PBXVariantGroup;
			children = (
				551FE15B190121E30018F5F5 /* en */,
			);
			name = InfoPlist.strings;
			sourceTree = "<group>";
		};
		551FE173190121E30018F5F5 /* InfoPlist.strings */ = {
			isa = PBXVariantGroup;
			children = (
				551FE174190121E30018F5F5 /* en */,
			);
			name = InfoPlist.strings;
			sourceTree = "<group>";
		};
/* End PBXVariantGroup section */

/* Begin XCBuildConfiguration section */
		551FE178190121E30018F5F5 /* Debug */ = {
			isa = XCBuildConfiguration;
			buildSettings = {
				ALWAYS_SEARCH_USER_PATHS = NO;
				CLANG_CXX_LANGUAGE_STANDARD = "gnu++0x";
				CLANG_CXX_LIBRARY = "libc++";
				CLANG_ENABLE_MODULES = YES;
				CLANG_ENABLE_OBJC_ARC = NO;
				CLANG_WARN_BOOL_CONVERSION = YES;
				CLANG_WARN_CONSTANT_CONVERSION = YES;
				CLANG_WARN_DIRECT_OBJC_ISA_USAGE = YES_ERROR;
				CLANG_WARN_EMPTY_BODY = YES;
				CLANG_WARN_ENUM_CONVERSION = YES;
				CLANG_WARN_INT_CONVERSION = YES;
				CLANG_WARN_OBJC_ROOT_CLASS = YES_ERROR;
				CLANG_WARN__DUPLICATE_METHOD_MATCH = YES;
				"CODE_SIGN_IDENTITY[sdk=iphoneos*]" = "iPhone Developer";
				COPY_PHASE_STRIP = NO;
				GCC_C_LANGUAGE_STANDARD = gnu99;
				GCC_DYNAMIC_NO_PIC = NO;
				GCC_OPTIMIZATION_LEVEL = 0;
				GCC_PREPROCESSOR_DEFINITIONS = (
					"DEBUG=1",
					"$(inherited)",
				);
				GCC_SYMBOLS_PRIVATE_EXTERN = NO;
				GCC_WARN_64_TO_32_BIT_CONVERSION = YES;
				GCC_WARN_ABOUT_RETURN_TYPE = YES_ERROR;
				GCC_WARN_UNDECLARED_SELECTOR = YES;
				GCC_WARN_UNINITIALIZED_AUTOS = YES;
				GCC_WARN_UNUSED_FUNCTION = YES;
				GCC_WARN_UNUSED_VARIABLE = YES;
				IPHONEOS_DEPLOYMENT_TARGET = 7.0;
				ONLY_ACTIVE_ARCH = YES;
				SDKROOT = iphoneos;
			};
			name = Debug;
		};
		551FE179190121E30018F5F5 /* Release */ = {
			isa = XCBuildConfiguration;
			buildSettings = {
				ALWAYS_SEARCH_USER_PATHS = NO;
				CLANG_CXX_LANGUAGE_STANDARD = "gnu++0x";
				CLANG_CXX_LIBRARY = "libc++";
				CLANG_ENABLE_MODULES = YES;
				CLANG_ENABLE_OBJC_ARC = NO;
				CLANG_WARN_BOOL_CONVERSION = YES;
				CLANG_WARN_CONSTANT_CONVERSION = YES;
				CLANG_WARN_DIRECT_OBJC_ISA_USAGE = YES_ERROR;
				CLANG_WARN_EMPTY_BODY = YES;
				CLANG_WARN_ENUM_CONVERSION = YES;
				CLANG_WARN_INT_CONVERSION = YES;
				CLANG_WARN_OBJC_ROOT_CLASS = YES_ERROR;
				CLANG_WARN__DUPLICATE_METHOD_MATCH = YES;
				"CODE_SIGN_IDENTITY[sdk=iphoneos*]" = "iPhone Developer";
				COPY_PHASE_STRIP = YES;
				ENABLE_NS_ASSERTIONS = NO;
				GCC_C_LANGUAGE_STANDARD = gnu99;
				GCC_WARN_64_TO_32_BIT_CONVERSION = YES;
				GCC_WARN_ABOUT_RETURN_TYPE = YES_ERROR;
				GCC_WARN_UNDECLARED_SELECTOR = YES;
				GCC_WARN_UNINITIALIZED_AUTOS = YES;
				GCC_WARN_UNUSED_FUNCTION = YES;
				GCC_WARN_UNUSED_VARIABLE = YES;
				IPHONEOS_DEPLOYMENT_TARGET = 7.0;
				SDKROOT = iphoneos;
				VALIDATE_PRODUCT = YES;
			};
			name = Release;
		};
		551FE17B190121E30018F5F5 /* Debug */ = {
			isa = XCBuildConfiguration;
			buildSettings = {
				ASSETCATALOG_COMPILER_APPICON_NAME = AppIcon;
				ASSETCATALOG_COMPILER_LAUNCHIMAGE_NAME = LaunchImage;
				GCC_PRECOMPILE_PREFIX_HEADER = YES;
				GCC_PREFIX_HEADER = "Navigation/Navigation-Prefix.pch";
				INFOPLIST_FILE = "Navigation/Navigation-Info.plist";
				PRODUCT_NAME = "$(TARGET_NAME)";
				WRAPPER_EXTENSION = app;
			};
			name = Debug;
		};
		551FE17C190121E30018F5F5 /* Release */ = {
			isa = XCBuildConfiguration;
			buildSettings = {
				ASSETCATALOG_COMPILER_APPICON_NAME = AppIcon;
				ASSETCATALOG_COMPILER_LAUNCHIMAGE_NAME = LaunchImage;
				GCC_PRECOMPILE_PREFIX_HEADER = YES;
				GCC_PREFIX_HEADER = "Navigation/Navigation-Prefix.pch";
				INFOPLIST_FILE = "Navigation/Navigation-Info.plist";
				PRODUCT_NAME = "$(TARGET_NAME)";
				WRAPPER_EXTENSION = app;
			};
			name = Release;
		};
		551FE17E190121E30018F5F5 /* Debug */ = {
			isa = XCBuildConfiguration;
			buildSettings = {
				BUNDLE_LOADER = "$(BUILT_PRODUCTS_DIR)/Navigation.app/Navigation";
				FRAMEWORK_SEARCH_PATHS = (
					"$(SDKROOT)/Developer/Library/Frameworks",
					"$(inherited)",
					"$(DEVELOPER_FRAMEWORKS_DIR)",
				);
				GCC_PRECOMPILE_PREFIX_HEADER = YES;
				GCC_PREFIX_HEADER = "Navigation/Navigation-Prefix.pch";
				GCC_PREPROCESSOR_DEFINITIONS = (
					"DEBUG=1",
					"$(inherited)",
				);
				INFOPLIST_FILE = "NavigationTests/NavigationTests-Info.plist";
				PRODUCT_NAME = "$(TARGET_NAME)";
				TEST_HOST = "$(BUNDLE_LOADER)";
				WRAPPER_EXTENSION = xctest;
			};
			name = Debug;
		};
		551FE17F190121E30018F5F5 /* Release */ = {
			isa = XCBuildConfiguration;
			buildSettings = {
				BUNDLE_LOADER = "$(BUILT_PRODUCTS_DIR)/Navigation.app/Navigation";
				FRAMEWORK_SEARCH_PATHS = (
					"$(SDKROOT)/Developer/Library/Frameworks",
					"$(inherited)",
					"$(DEVELOPER_FRAMEWORKS_DIR)",
				);
				GCC_PRECOMPILE_PREFIX_HEADER = YES;
				GCC_PREFIX_HEADER = "Navigation/Navigation-Prefix.pch";
				INFOPLIST_FILE = "NavigationTests/NavigationTests-Info.plist";
				PRODUCT_NAME = "$(TARGET_NAME)";
				TEST_HOST = "$(BUNDLE_LOADER)";
				WRAPPER_EXTENSION = xctest;
			};
			name = Release;
		};
/* End XCBuildConfiguration section */

/* Begin XCConfigurationList section */
		551FE149190121E30018F5F5 /* Build configuration list for PBXProject "Navigation" */ = {
			isa = XCConfigurationList;
			buildConfigurations = (
				551FE178190121E30018F5F5 /* Debug */,
				551FE179190121E30018F5F5 /* Release */,
			);
			defaultConfigurationIsVisible = 0;
			defaultConfigurationName = Release;
		};
		551FE17A190121E30018F5F5 /* Build configuration list for PBXNativeTarget "Navigation" */ = {
			isa = XCConfigurationList;
			buildConfigurations = (
				551FE17B190121E30018F5F5 /* Debug */,
				551FE17C190121E30018F5F5 /* Release */,
			);
			defaultConfigurationIsVisible = 0;
			defaultConfigurationName = Release;
		};
		551FE17D190121E30018F5F5 /* Build configuration list for PBXNativeTarget "NavigationTests" */ = {
			isa = XCConfigurationList;
			buildConfigurations = (
				551FE17E190121E30018F5F5 /* Debug */,
				551FE17F190121E30018F5F5 /* Release */,
			);
			defaultConfigurationIsVisible = 0;
			defaultConfigurationName = Release;
		};
/* End XCConfigurationList section */
	};
	rootObject = 551FE146190121E30018F5F5 /* Project object */;
}
